// !$*UTF8*$!
{
	archiveVersion = 1;
	classes = {
	};
	objectVersion = 46;
	objects = {

/* Begin PBXBuildFile section */
		10476EBB1BFE374800882E23 /* LinkedinSwiftConfiguration.h in Headers */ = {isa = PBXBuildFile; fileRef = 10476EB91BFE374800882E23 /* LinkedinSwiftConfiguration.h */; settings = {ATTRIBUTES = (Public, ); }; };
		10476EBC1BFE374800882E23 /* LinkedinSwiftConfiguration.m in Sources */ = {isa = PBXBuildFile; fileRef = 10476EBA1BFE374800882E23 /* LinkedinSwiftConfiguration.m */; };
		10905A6D1BFE6D14002AA119 /* LSResponse.h in Headers */ = {isa = PBXBuildFile; fileRef = 10905A6B1BFE6D14002AA119 /* LSResponse.h */; settings = {ATTRIBUTES = (Public, ); }; };
		10905A6E1BFE6D14002AA119 /* LSResponse.m in Sources */ = {isa = PBXBuildFile; fileRef = 10905A6C1BFE6D14002AA119 /* LSResponse.m */; };
		10905A701BFE77B8002AA119 /* linkedin-sdk.framework in Frameworks */ = {isa = PBXBuildFile; fileRef = 10905A6F1BFE77B8002AA119 /* linkedin-sdk.framework */; };
		10905A731BFE7899002AA119 /* LSLinkedinToken.h in Headers */ = {isa = PBXBuildFile; fileRef = 10905A711BFE7899002AA119 /* LSLinkedinToken.h */; settings = {ATTRIBUTES = (Public, ); }; };
		10905A741BFE7899002AA119 /* LSLinkedinToken.m in Sources */ = {isa = PBXBuildFile; fileRef = 10905A721BFE7899002AA119 /* LSLinkedinToken.m */; };
		10905AA31BFE95B5002AA119 /* LSHeader.h in Headers */ = {isa = PBXBuildFile; fileRef = 10905AA21BFE95B5002AA119 /* LSHeader.h */; settings = {ATTRIBUTES = (Public, ); }; };
		10905AAB1BFF1F67002AA119 /* linkedin-sdk.framework in Headers */ = {isa = PBXBuildFile; fileRef = 10905A6F1BFE77B8002AA119 /* linkedin-sdk.framework */; settings = {ATTRIBUTES = (Public, ); }; };
		10F97B261BFBA10500C420E4 /* LinkedinSwift.h in Headers */ = {isa = PBXBuildFile; fileRef = 10F97B251BFBA10500C420E4 /* LinkedinSwift.h */; settings = {ATTRIBUTES = (Public, ); }; };
		10F97B2D1BFBA10500C420E4 /* LinkedinSwift.framework in Frameworks */ = {isa = PBXBuildFile; fileRef = 10F97B221BFBA10500C420E4 /* LinkedinSwift.framework */; };
		10F97B321BFBA10500C420E4 /* LinkedinSwiftTests.m in Sources */ = {isa = PBXBuildFile; fileRef = 10F97B311BFBA10500C420E4 /* LinkedinSwiftTests.m */; };
		10F97B4B1BFBA66D00C420E4 /* LinkedinSwiftHelper.h in Headers */ = {isa = PBXBuildFile; fileRef = 10F97B481BFBA66D00C420E4 /* LinkedinSwiftHelper.h */; settings = {ATTRIBUTES = (Public, ); }; };
		10F97B4C1BFBA66D00C420E4 /* LinkedinSwiftHelper.m in Sources */ = {isa = PBXBuildFile; fileRef = 10F97B491BFBA66D00C420E4 /* LinkedinSwiftHelper.m */; };
		363EE1ABEC5700B32B5C299D /* libPods-LinkedinSwift.a in Frameworks */ = {isa = PBXBuildFile; fileRef = 7F32E998DDA99DB37696B30B /* libPods-LinkedinSwift.a */; };
/* End PBXBuildFile section */

/* Begin PBXContainerItemProxy section */
		10F97B2E1BFBA10500C420E4 /* PBXContainerItemProxy */ = {
			isa = PBXContainerItemProxy;
			containerPortal = 10F97B191BFBA10500C420E4 /* Project object */;
			proxyType = 1;
			remoteGlobalIDString = 10F97B211BFBA10500C420E4;
			remoteInfo = LinkedinSwift;
		};
/* End PBXContainerItemProxy section */

/* Begin PBXFileReference section */
		0A4AB937341C136A06480E26 /* Pods-LinkedinSwift.release.xcconfig */ = {isa = PBXFileReference; includeInIndex = 1; lastKnownFileType = text.xcconfig; name = "Pods-LinkedinSwift.release.xcconfig"; path = "Pods/Target Support Files/Pods-LinkedinSwift/Pods-LinkedinSwift.release.xcconfig"; sourceTree = "<group>"; };
		10476EB91BFE374800882E23 /* LinkedinSwiftConfiguration.h */ = {isa = PBXFileReference; fileEncoding = 4; lastKnownFileType = sourcecode.c.h; name = LinkedinSwiftConfiguration.h; path = sources/LinkedinSwiftConfiguration.h; sourceTree = "<group>"; };
		10476EBA1BFE374800882E23 /* LinkedinSwiftConfiguration.m */ = {isa = PBXFileReference; fileEncoding = 4; lastKnownFileType = sourcecode.c.objc; name = LinkedinSwiftConfiguration.m; path = sources/LinkedinSwiftConfiguration.m; sourceTree = "<group>"; };
		10905A6B1BFE6D14002AA119 /* LSResponse.h */ = {isa = PBXFileReference; fileEncoding = 4; lastKnownFileType = sourcecode.c.h; name = LSResponse.h; path = sources/LSResponse.h; sourceTree = "<group>"; };
		10905A6C1BFE6D14002AA119 /* LSResponse.m */ = {isa = PBXFileReference; fileEncoding = 4; lastKnownFileType = sourcecode.c.objc; name = LSResponse.m; path = sources/LSResponse.m; sourceTree = "<group>"; };
		10905A6F1BFE77B8002AA119 /* linkedin-sdk.framework */ = {isa = PBXFileReference; lastKnownFileType = wrapper.framework; name = "linkedin-sdk.framework"; path = "../linkedin-sdk.framework"; sourceTree = "<group>"; };
		10905A711BFE7899002AA119 /* LSLinkedinToken.h */ = {isa = PBXFileReference; fileEncoding = 4; lastKnownFileType = sourcecode.c.h; name = LSLinkedinToken.h; path = sources/LSLinkedinToken.h; sourceTree = "<group>"; };
		10905A721BFE7899002AA119 /* LSLinkedinToken.m */ = {isa = PBXFileReference; fileEncoding = 4; lastKnownFileType = sourcecode.c.objc; name = LSLinkedinToken.m; path = sources/LSLinkedinToken.m; sourceTree = "<group>"; };
		10905AA21BFE95B5002AA119 /* LSHeader.h */ = {isa = PBXFileReference; fileEncoding = 4; lastKnownFileType = sourcecode.c.h; name = LSHeader.h; path = sources/LSHeader.h; sourceTree = "<group>"; };
		10F97B221BFBA10500C420E4 /* LinkedinSwift.framework */ = {isa = PBXFileReference; explicitFileType = wrapper.framework; includeInIndex = 0; path = LinkedinSwift.framework; sourceTree = BUILT_PRODUCTS_DIR; };
		10F97B251BFBA10500C420E4 /* LinkedinSwift.h */ = {isa = PBXFileReference; lastKnownFileType = sourcecode.c.h; path = LinkedinSwift.h; sourceTree = "<group>"; };
		10F97B271BFBA10500C420E4 /* Info.plist */ = {isa = PBXFileReference; lastKnownFileType = text.plist.xml; path = Info.plist; sourceTree = "<group>"; };
		10F97B2C1BFBA10500C420E4 /* LinkedinSwiftTests.xctest */ = {isa = PBXFileReference; explicitFileType = wrapper.cfbundle; includeInIndex = 0; path = LinkedinSwiftTests.xctest; sourceTree = BUILT_PRODUCTS_DIR; };
		10F97B311BFBA10500C420E4 /* LinkedinSwiftTests.m */ = {isa = PBXFileReference; lastKnownFileType = sourcecode.c.objc; path = LinkedinSwiftTests.m; sourceTree = "<group>"; };
		10F97B331BFBA10500C420E4 /* Info.plist */ = {isa = PBXFileReference; lastKnownFileType = text.plist.xml; path = Info.plist; sourceTree = "<group>"; };
		10F97B481BFBA66D00C420E4 /* LinkedinSwiftHelper.h */ = {isa = PBXFileReference; fileEncoding = 4; lastKnownFileType = sourcecode.c.h; name = LinkedinSwiftHelper.h; path = sources/LinkedinSwiftHelper.h; sourceTree = "<group>"; };
		10F97B491BFBA66D00C420E4 /* LinkedinSwiftHelper.m */ = {isa = PBXFileReference; fileEncoding = 4; lastKnownFileType = sourcecode.c.objc; name = LinkedinSwiftHelper.m; path = sources/LinkedinSwiftHelper.m; sourceTree = "<group>"; };
		7F32E998DDA99DB37696B30B /* libPods-LinkedinSwift.a */ = {isa = PBXFileReference; explicitFileType = archive.ar; includeInIndex = 0; path = "libPods-LinkedinSwift.a"; sourceTree = BUILT_PRODUCTS_DIR; };
		B5C005A5A911991676FFF72F /* Pods-LinkedinSwift.debug.xcconfig */ = {isa = PBXFileReference; includeInIndex = 1; lastKnownFileType = text.xcconfig; name = "Pods-LinkedinSwift.debug.xcconfig"; path = "Pods/Target Support Files/Pods-LinkedinSwift/Pods-LinkedinSwift.debug.xcconfig"; sourceTree = "<group>"; };
/* End PBXFileReference section */

/* Begin PBXFrameworksBuildPhase section */
		10F97B1E1BFBA10500C420E4 /* Frameworks */ = {
			isa = PBXFrameworksBuildPhase;
			buildActionMask = 2147483647;
			files = (
				10905A701BFE77B8002AA119 /* linkedin-sdk.framework in Frameworks */,
				363EE1ABEC5700B32B5C299D /* libPods-LinkedinSwift.a in Frameworks */,
			);
			runOnlyForDeploymentPostprocessing = 0;
		};
		10F97B291BFBA10500C420E4 /* Frameworks */ = {
			isa = PBXFrameworksBuildPhase;
			buildActionMask = 2147483647;
			files = (
				10F97B2D1BFBA10500C420E4 /* LinkedinSwift.framework in Frameworks */,
			);
			runOnlyForDeploymentPostprocessing = 0;
		};
/* End PBXFrameworksBuildPhase section */

/* Begin PBXGroup section */
		10F97B181BFBA10500C420E4 = {
			isa = PBXGroup;
			children = (
				10F97B241BFBA10500C420E4 /* LinkedinSwift */,
				10F97B301BFBA10500C420E4 /* LinkedinSwiftTests */,
				10F97B231BFBA10500C420E4 /* Products */,
				E68EFAD7FF5EE830E638A79A /* Pods */,
				3CF218842F4F8789F95CAD8C /* Frameworks */,
			);
			sourceTree = "<group>";
		};
		10F97B231BFBA10500C420E4 /* Products */ = {
			isa = PBXGroup;
			children = (
				10F97B221BFBA10500C420E4 /* LinkedinSwift.framework */,
				10F97B2C1BFBA10500C420E4 /* LinkedinSwiftTests.xctest */,
			);
			name = Products;
			sourceTree = "<group>";
		};
		10F97B241BFBA10500C420E4 /* LinkedinSwift */ = {
			isa = PBXGroup;
			children = (
				10F97B3E1BFBA17C00C420E4 /* sources */,
				10F97B251BFBA10500C420E4 /* LinkedinSwift.h */,
				10F97B271BFBA10500C420E4 /* Info.plist */,
			);
			path = LinkedinSwift;
			sourceTree = "<group>";
		};
		10F97B301BFBA10500C420E4 /* LinkedinSwiftTests */ = {
			isa = PBXGroup;
			children = (
				10F97B311BFBA10500C420E4 /* LinkedinSwiftTests.m */,
				10F97B331BFBA10500C420E4 /* Info.plist */,
			);
			path = LinkedinSwiftTests;
			sourceTree = "<group>";
		};
		10F97B3E1BFBA17C00C420E4 /* sources */ = {
			isa = PBXGroup;
			children = (
				10905AA21BFE95B5002AA119 /* LSHeader.h */,
				10F97B481BFBA66D00C420E4 /* LinkedinSwiftHelper.h */,
				10F97B491BFBA66D00C420E4 /* LinkedinSwiftHelper.m */,
				10476EB91BFE374800882E23 /* LinkedinSwiftConfiguration.h */,
				10476EBA1BFE374800882E23 /* LinkedinSwiftConfiguration.m */,
				10905A6B1BFE6D14002AA119 /* LSResponse.h */,
				10905A6C1BFE6D14002AA119 /* LSResponse.m */,
				10905A711BFE7899002AA119 /* LSLinkedinToken.h */,
				10905A721BFE7899002AA119 /* LSLinkedinToken.m */,
			);
			name = sources;
			sourceTree = "<group>";
		};
		3CF218842F4F8789F95CAD8C /* Frameworks */ = {
			isa = PBXGroup;
			children = (
				10905A6F1BFE77B8002AA119 /* linkedin-sdk.framework */,
				7F32E998DDA99DB37696B30B /* libPods-LinkedinSwift.a */,
			);
			name = Frameworks;
			sourceTree = "<group>";
		};
		E68EFAD7FF5EE830E638A79A /* Pods */ = {
			isa = PBXGroup;
			children = (
				B5C005A5A911991676FFF72F /* Pods-LinkedinSwift.debug.xcconfig */,
				0A4AB937341C136A06480E26 /* Pods-LinkedinSwift.release.xcconfig */,
			);
			name = Pods;
			sourceTree = "<group>";
		};
/* End PBXGroup section */

/* Begin PBXHeadersBuildPhase section */
		10F97B1F1BFBA10500C420E4 /* Headers */ = {
			isa = PBXHeadersBuildPhase;
			buildActionMask = 2147483647;
			files = (
				10905AA31BFE95B5002AA119 /* LSHeader.h in Headers */,
				10F97B4B1BFBA66D00C420E4 /* LinkedinSwiftHelper.h in Headers */,
				10905A731BFE7899002AA119 /* LSLinkedinToken.h in Headers */,
				10905A6D1BFE6D14002AA119 /* LSResponse.h in Headers */,
				10476EBB1BFE374800882E23 /* LinkedinSwiftConfiguration.h in Headers */,
				10F97B261BFBA10500C420E4 /* LinkedinSwift.h in Headers */,
				10905AAB1BFF1F67002AA119 /* linkedin-sdk.framework in Headers */,
			);
			runOnlyForDeploymentPostprocessing = 0;
		};
/* End PBXHeadersBuildPhase section */

/* Begin PBXNativeTarget section */
		10F97B211BFBA10500C420E4 /* LinkedinSwift */ = {
			isa = PBXNativeTarget;
			buildConfigurationList = 10F97B361BFBA10500C420E4 /* Build configuration list for PBXNativeTarget "LinkedinSwift" */;
			buildPhases = (
				54FE1FB666DCA6535F52F54D /* Check Pods Manifest.lock */,
				10F97B1D1BFBA10500C420E4 /* Sources */,
				10F97B1E1BFBA10500C420E4 /* Frameworks */,
				10F97B1F1BFBA10500C420E4 /* Headers */,
				10F97B201BFBA10500C420E4 /* Resources */,
				8FB1B667F884DCDD78B8D486 /* Copy Pods Resources */,
			);
			buildRules = (
			);
			dependencies = (
			);
			name = LinkedinSwift;
			productName = LinkedinSwift;
			productReference = 10F97B221BFBA10500C420E4 /* LinkedinSwift.framework */;
			productType = "com.apple.product-type.framework";
		};
		10F97B2B1BFBA10500C420E4 /* LinkedinSwiftTests */ = {
			isa = PBXNativeTarget;
			buildConfigurationList = 10F97B391BFBA10500C420E4 /* Build configuration list for PBXNativeTarget "LinkedinSwiftTests" */;
			buildPhases = (
				10F97B281BFBA10500C420E4 /* Sources */,
				10F97B291BFBA10500C420E4 /* Frameworks */,
				10F97B2A1BFBA10500C420E4 /* Resources */,
			);
			buildRules = (
			);
			dependencies = (
				10F97B2F1BFBA10500C420E4 /* PBXTargetDependency */,
			);
			name = LinkedinSwiftTests;
			productName = LinkedinSwiftTests;
			productReference = 10F97B2C1BFBA10500C420E4 /* LinkedinSwiftTests.xctest */;
			productType = "com.apple.product-type.bundle.unit-test";
		};
/* End PBXNativeTarget section */

/* Begin PBXProject section */
		10F97B191BFBA10500C420E4 /* Project object */ = {
			isa = PBXProject;
			attributes = {
				LastUpgradeCheck = 0710;
				ORGANIZATIONNAME = Carma;
				TargetAttributes = {
					10F97B211BFBA10500C420E4 = {
						CreatedOnToolsVersion = 7.1.1;
					};
					10F97B2B1BFBA10500C420E4 = {
						CreatedOnToolsVersion = 7.1.1;
					};
				};
			};
			buildConfigurationList = 10F97B1C1BFBA10500C420E4 /* Build configuration list for PBXProject "LinkedinSwift" */;
			compatibilityVersion = "Xcode 3.2";
			developmentRegion = English;
			hasScannedForEncodings = 0;
			knownRegions = (
				en,
			);
			mainGroup = 10F97B181BFBA10500C420E4;
			productRefGroup = 10F97B231BFBA10500C420E4 /* Products */;
			projectDirPath = "";
			projectRoot = "";
			targets = (
				10F97B211BFBA10500C420E4 /* LinkedinSwift */,
				10F97B2B1BFBA10500C420E4 /* LinkedinSwiftTests */,
			);
		};
/* End PBXProject section */

/* Begin PBXResourcesBuildPhase section */
		10F97B201BFBA10500C420E4 /* Resources */ = {
			isa = PBXResourcesBuildPhase;
			buildActionMask = 2147483647;
			files = (
			);
			runOnlyForDeploymentPostprocessing = 0;
		};
		10F97B2A1BFBA10500C420E4 /* Resources */ = {
			isa = PBXResourcesBuildPhase;
			buildActionMask = 2147483647;
			files = (
			);
			runOnlyForDeploymentPostprocessing = 0;
		};
/* End PBXResourcesBuildPhase section */

/* Begin PBXShellScriptBuildPhase section */
		54FE1FB666DCA6535F52F54D /* Check Pods Manifest.lock */ = {
			isa = PBXShellScriptBuildPhase;
			buildActionMask = 2147483647;
			files = (
			);
			inputPaths = (
			);
			name = "Check Pods Manifest.lock";
			outputPaths = (
			);
			runOnlyForDeploymentPostprocessing = 0;
			shellPath = /bin/sh;
			shellScript = "diff \"${PODS_ROOT}/../Podfile.lock\" \"${PODS_ROOT}/Manifest.lock\" > /dev/null\nif [[ $? != 0 ]] ; then\n    cat << EOM\nerror: The sandbox is not in sync with the Podfile.lock. Run 'pod install' or update your CocoaPods installation.\nEOM\n    exit 1\nfi\n";
			showEnvVarsInLog = 0;
		};
		8FB1B667F884DCDD78B8D486 /* Copy Pods Resources */ = {
			isa = PBXShellScriptBuildPhase;
			buildActionMask = 2147483647;
			files = (
			);
			inputPaths = (
			);
			name = "Copy Pods Resources";
			outputPaths = (
			);
			runOnlyForDeploymentPostprocessing = 0;
			shellPath = /bin/sh;
			shellScript = "\"${SRCROOT}/Pods/Target Support Files/Pods-LinkedinSwift/Pods-LinkedinSwift-resources.sh\"\n";
			showEnvVarsInLog = 0;
		};
/* End PBXShellScriptBuildPhase section */

/* Begin PBXSourcesBuildPhase section */
		10F97B1D1BFBA10500C420E4 /* Sources */ = {
			isa = PBXSourcesBuildPhase;
			buildActionMask = 2147483647;
			files = (
				10905A6E1BFE6D14002AA119 /* LSResponse.m in Sources */,
				10476EBC1BFE374800882E23 /* LinkedinSwiftConfiguration.m in Sources */,
				10905A741BFE7899002AA119 /* LSLinkedinToken.m in Sources */,
				10F97B4C1BFBA66D00C420E4 /* LinkedinSwiftHelper.m in Sources */,
			);
			runOnlyForDeploymentPostprocessing = 0;
		};
		10F97B281BFBA10500C420E4 /* Sources */ = {
			isa = PBXSourcesBuildPhase;
			buildActionMask = 2147483647;
			files = (
				10F97B321BFBA10500C420E4 /* LinkedinSwiftTests.m in Sources */,
			);
			runOnlyForDeploymentPostprocessing = 0;
		};
/* End PBXSourcesBuildPhase section */

/* Begin PBXTargetDependency section */
		10F97B2F1BFBA10500C420E4 /* PBXTargetDependency */ = {
			isa = PBXTargetDependency;
			target = 10F97B211BFBA10500C420E4 /* LinkedinSwift */;
			targetProxy = 10F97B2E1BFBA10500C420E4 /* PBXContainerItemProxy */;
		};
/* End PBXTargetDependency section */

/* Begin XCBuildConfiguration section */
		10F97B341BFBA10500C420E4 /* Debug */ = {
			isa = XCBuildConfiguration;
			buildSettings = {
				ALWAYS_SEARCH_USER_PATHS = NO;
				CLANG_CXX_LANGUAGE_STANDARD = "gnu++0x";
				CLANG_CXX_LIBRARY = "libc++";
				CLANG_ENABLE_MODULES = YES;
				CLANG_ENABLE_OBJC_ARC = YES;
				CLANG_WARN_BOOL_CONVERSION = YES;
				CLANG_WARN_CONSTANT_CONVERSION = YES;
				CLANG_WARN_DIRECT_OBJC_ISA_USAGE = YES_ERROR;
				CLANG_WARN_EMPTY_BODY = YES;
				CLANG_WARN_ENUM_CONVERSION = YES;
				CLANG_WARN_INT_CONVERSION = YES;
				CLANG_WARN_OBJC_ROOT_CLASS = YES_ERROR;
				CLANG_WARN_UNREACHABLE_CODE = YES;
				CLANG_WARN__DUPLICATE_METHOD_MATCH = YES;
				"CODE_SIGN_IDENTITY[sdk=iphoneos*]" = "iPhone Developer";
				COPY_PHASE_STRIP = NO;
				CURRENT_PROJECT_VERSION = 1;
				DEBUG_INFORMATION_FORMAT = dwarf;
				ENABLE_STRICT_OBJC_MSGSEND = YES;
				ENABLE_TESTABILITY = YES;
				GCC_C_LANGUAGE_STANDARD = gnu99;
				GCC_DYNAMIC_NO_PIC = NO;
				GCC_NO_COMMON_BLOCKS = YES;
				GCC_OPTIMIZATION_LEVEL = 0;
				GCC_PREPROCESSOR_DEFINITIONS = (
					"DEBUG=1",
					"$(inherited)",
				);
				GCC_WARN_64_TO_32_BIT_CONVERSION = YES;
				GCC_WARN_ABOUT_RETURN_TYPE = YES_ERROR;
				GCC_WARN_UNDECLARED_SELECTOR = YES;
				GCC_WARN_UNINITIALIZED_AUTOS = YES_AGGRESSIVE;
				GCC_WARN_UNUSED_FUNCTION = YES;
				GCC_WARN_UNUSED_VARIABLE = YES;
				IPHONEOS_DEPLOYMENT_TARGET = 9.1;
				MTL_ENABLE_DEBUG_INFO = YES;
				ONLY_ACTIVE_ARCH = YES;
				SDKROOT = iphoneos;
				TARGETED_DEVICE_FAMILY = "1,2";
				VERSIONING_SYSTEM = "apple-generic";
				VERSION_INFO_PREFIX = "";
			};
			name = Debug;
		};
		10F97B351BFBA10500C420E4 /* Release */ = {
			isa = XCBuildConfiguration;
			buildSettings = {
				ALWAYS_SEARCH_USER_PATHS = NO;
				CLANG_CXX_LANGUAGE_STANDARD = "gnu++0x";
				CLANG_CXX_LIBRARY = "libc++";
				CLANG_ENABLE_MODULES = YES;
				CLANG_ENABLE_OBJC_ARC = YES;
				CLANG_WARN_BOOL_CONVERSION = YES;
				CLANG_WARN_CONSTANT_CONVERSION = YES;
				CLANG_WARN_DIRECT_OBJC_ISA_USAGE = YES_ERROR;
				CLANG_WARN_EMPTY_BODY = YES;
				CLANG_WARN_ENUM_CONVERSION = YES;
				CLANG_WARN_INT_CONVERSION = YES;
				CLANG_WARN_OBJC_ROOT_CLASS = YES_ERROR;
				CLANG_WARN_UNREACHABLE_CODE = YES;
				CLANG_WARN__DUPLICATE_METHOD_MATCH = YES;
				"CODE_SIGN_IDENTITY[sdk=iphoneos*]" = "iPhone Developer";
				COPY_PHASE_STRIP = NO;
				CURRENT_PROJECT_VERSION = 1;
				DEBUG_INFORMATION_FORMAT = "dwarf-with-dsym";
				ENABLE_NS_ASSERTIONS = NO;
				ENABLE_STRICT_OBJC_MSGSEND = YES;
				GCC_C_LANGUAGE_STANDARD = gnu99;
				GCC_NO_COMMON_BLOCKS = YES;
				GCC_WARN_64_TO_32_BIT_CONVERSION = YES;
				GCC_WARN_ABOUT_RETURN_TYPE = YES_ERROR;
				GCC_WARN_UNDECLARED_SELECTOR = YES;
				GCC_WARN_UNINITIALIZED_AUTOS = YES_AGGRESSIVE;
				GCC_WARN_UNUSED_FUNCTION = YES;
				GCC_WARN_UNUSED_VARIABLE = YES;
				IPHONEOS_DEPLOYMENT_TARGET = 9.1;
				MTL_ENABLE_DEBUG_INFO = NO;
				SDKROOT = iphoneos;
				TARGETED_DEVICE_FAMILY = "1,2";
				VALIDATE_PRODUCT = YES;
				VERSIONING_SYSTEM = "apple-generic";
				VERSION_INFO_PREFIX = "";
			};
			name = Release;
		};
		10F97B371BFBA10500C420E4 /* Debug */ = {
			isa = XCBuildConfiguration;
			baseConfigurationReference = B5C005A5A911991676FFF72F /* Pods-LinkedinSwift.debug.xcconfig */;
			buildSettings = {
				ALWAYS_SEARCH_USER_PATHS = NO;
				DEFINES_MODULE = YES;
				DYLIB_COMPATIBILITY_VERSION = 1;
				DYLIB_CURRENT_VERSION = 1;
				DYLIB_INSTALL_NAME_BASE = "@rpath";
				ENABLE_BITCODE = NO;
				FRAMEWORK_SEARCH_PATHS = (
					"$(inherited)",
					"$(PROJECT_DIR)/LinkedinSwift",
					"$(PROJECT_DIR)/LinkedinSwift/sources",
					"$(PROJECT_DIR)/**",
				);
				HEADER_SEARCH_PATHS = (
					"$(inherited)",
					"\"${PODS_ROOT}/Headers/Public\"",
					"\"${PODS_ROOT}/Headers/Public/AFNetworking\"",
					"\"${PODS_ROOT}/Headers/Public/IOSLinkedInAPI\"",
					"$(PROJECT_DIR)/**",
				);
				INFOPLIST_FILE = LinkedinSwift/Info.plist;
				INSTALL_PATH = "$(LOCAL_LIBRARY_DIR)/Frameworks";
				IPHONEOS_DEPLOYMENT_TARGET = 7.0;
				LD_RUNPATH_SEARCH_PATHS = "$(inherited) @executable_path/Frameworks @loader_path/Frameworks";
				PRODUCT_BUNDLE_IDENTIFIER = ma.car.LinkedinSwift;
				PRODUCT_NAME = "$(TARGET_NAME)";
				SKIP_INSTALL = YES;
				USER_HEADER_SEARCH_PATHS = "$(PROJECT_DIR)/**";
			};
			name = Debug;
		};
		10F97B381BFBA10500C420E4 /* Release */ = {
			isa = XCBuildConfiguration;
			baseConfigurationReference = 0A4AB937341C136A06480E26 /* Pods-LinkedinSwift.release.xcconfig */;
			buildSettings = {
				ALWAYS_SEARCH_USER_PATHS = NO;
				DEFINES_MODULE = YES;
				DYLIB_COMPATIBILITY_VERSION = 1;
				DYLIB_CURRENT_VERSION = 1;
				DYLIB_INSTALL_NAME_BASE = "@rpath";
				ENABLE_BITCODE = NO;
				FRAMEWORK_SEARCH_PATHS = (
					"$(inherited)",
					"$(PROJECT_DIR)/LinkedinSwift",
					"$(PROJECT_DIR)/LinkedinSwift/sources",
					"$(PROJECT_DIR)/**",
				);
				HEADER_SEARCH_PATHS = (
					"$(inherited)",
					"\"${PODS_ROOT}/Headers/Public\"",
					"\"${PODS_ROOT}/Headers/Public/AFNetworking\"",
					"\"${PODS_ROOT}/Headers/Public/IOSLinkedInAPI\"",
					"$(PROJECT_DIR)/**",
				);
				INFOPLIST_FILE = LinkedinSwift/Info.plist;
				INSTALL_PATH = "$(LOCAL_LIBRARY_DIR)/Frameworks";
				IPHONEOS_DEPLOYMENT_TARGET = 7.0;
				LD_RUNPATH_SEARCH_PATHS = "$(inherited) @executable_path/Frameworks @loader_path/Frameworks";
				PRODUCT_BUNDLE_IDENTIFIER = ma.car.LinkedinSwift;
				PRODUCT_NAME = "$(TARGET_NAME)";
				SKIP_INSTALL = YES;
				USER_HEADER_SEARCH_PATHS = "$(PROJECT_DIR)/**";
			};
			name = Release;
		};
		10F97B3A1BFBA10500C420E4 /* Debug */ = {
			isa = XCBuildConfiguration;
			buildSettings = {
				INFOPLIST_FILE = LinkedinSwiftTests/Info.plist;
				LD_RUNPATH_SEARCH_PATHS = "$(inherited) @executable_path/Frameworks @loader_path/Frameworks";
				PRODUCT_BUNDLE_IDENTIFIER = ma.car.LinkedinSwiftTests;
				PRODUCT_NAME = "$(TARGET_NAME)";
			};
			name = Debug;
		};
		10F97B3B1BFBA10500C420E4 /* Release */ = {
			isa = XCBuildConfiguration;
			buildSettings = {
				INFOPLIST_FILE = LinkedinSwiftTests/Info.plist;
				LD_RUNPATH_SEARCH_PATHS = "$(inherited) @executable_path/Frameworks @loader_path/Frameworks";
				PRODUCT_BUNDLE_IDENTIFIER = ma.car.LinkedinSwiftTests;
				PRODUCT_NAME = "$(TARGET_NAME)";
			};
			name = Release;
		};
/* End XCBuildConfiguration section */

/* Begin XCConfigurationList section */
		10F97B1C1BFBA10500C420E4 /* Build configuration list for PBXProject "LinkedinSwift" */ = {
			isa = XCConfigurationList;
			buildConfigurations = (
				10F97B341BFBA10500C420E4 /* Debug */,
				10F97B351BFBA10500C420E4 /* Release */,
			);
			defaultConfigurationIsVisible = 0;
			defaultConfigurationName = Release;
		};
		10F97B361BFBA10500C420E4 /* Build configuration list for PBXNativeTarget "LinkedinSwift" */ = {
			isa = XCConfigurationList;
			buildConfigurations = (
				10F97B371BFBA10500C420E4 /* Debug */,
				10F97B381BFBA10500C420E4 /* Release */,
			);
			defaultConfigurationIsVisible = 0;
			defaultConfigurationName = Release;
		};
		10F97B391BFBA10500C420E4 /* Build configuration list for PBXNativeTarget "LinkedinSwiftTests" */ = {
			isa = XCConfigurationList;
			buildConfigurations = (
				10F97B3A1BFBA10500C420E4 /* Debug */,
				10F97B3B1BFBA10500C420E4 /* Release */,
			);
			defaultConfigurationIsVisible = 0;
			defaultConfigurationName = Release;
		};
/* End XCConfigurationList section */
	};
	rootObject = 10F97B191BFBA10500C420E4 /* Project object */;
}
