// !$*UTF8*$!
{
	archiveVersion = 1;
	classes = {
	};
	objectVersion = 46;
	objects = {

/* Begin PBXBuildFile section */
		0035D623217B3DC7320F45C9 /* libPods-LinkedinSwift.a in Frameworks */ = {isa = PBXBuildFile; fileRef = 59E66CB55BA9170DA7148F2E /* libPods-LinkedinSwift.a */; };
		10682E141D744C44006D3715 /* LSLinkedinToken.h in Headers */ = {isa = PBXBuildFile; fileRef = 10682E101D744C44006D3715 /* LSLinkedinToken.h */; };
		10682E151D744C44006D3715 /* LSLinkedinToken.m in Sources */ = {isa = PBXBuildFile; fileRef = 10682E111D744C44006D3715 /* LSLinkedinToken.m */; };
		10682E161D744C44006D3715 /* LSResponse.h in Headers */ = {isa = PBXBuildFile; fileRef = 10682E121D744C44006D3715 /* LSResponse.h */; };
		10682E171D744C44006D3715 /* LSResponse.m in Sources */ = {isa = PBXBuildFile; fileRef = 10682E131D744C44006D3715 /* LSResponse.m */; };
		10682E1A1D744C79006D3715 /* LinkedinSwiftConfiguration.h in Headers */ = {isa = PBXBuildFile; fileRef = 10682E181D744C79006D3715 /* LinkedinSwiftConfiguration.h */; };
		10682E1B1D744C79006D3715 /* LinkedinSwiftConfiguration.m in Sources */ = {isa = PBXBuildFile; fileRef = 10682E191D744C79006D3715 /* LinkedinSwiftConfiguration.m */; };
		10682E1E1D744D23006D3715 /* NativeAppInstalledChecker.h in Headers */ = {isa = PBXBuildFile; fileRef = 10682E1C1D744D23006D3715 /* NativeAppInstalledChecker.h */; };
		10682E1F1D744D23006D3715 /* NativeAppInstalledChecker.m in Sources */ = {isa = PBXBuildFile; fileRef = 10682E1D1D744D23006D3715 /* NativeAppInstalledChecker.m */; };
		10905AA31BFE95B5002AA119 /* LSHeader.h in Headers */ = {isa = PBXBuildFile; fileRef = 10905AA21BFE95B5002AA119 /* LSHeader.h */; settings = {ATTRIBUTES = (Public, ); }; };
		10B3421E1D7490DE00B1F88F /* LinkedinNativeClient.h in Headers */ = {isa = PBXBuildFile; fileRef = 10B3421C1D7490DE00B1F88F /* LinkedinNativeClient.h */; };
		10B3421F1D7490DE00B1F88F /* LinkedinNativeClient.m in Sources */ = {isa = PBXBuildFile; fileRef = 10B3421D1D7490DE00B1F88F /* LinkedinNativeClient.m */; };
		10B342221D7490F700B1F88F /* LinkedinOAuthWebClient.h in Headers */ = {isa = PBXBuildFile; fileRef = 10B342201D7490F700B1F88F /* LinkedinOAuthWebClient.h */; };
		10B342231D7490F700B1F88F /* LinkedinOAuthWebClient.m in Sources */ = {isa = PBXBuildFile; fileRef = 10B342211D7490F700B1F88F /* LinkedinOAuthWebClient.m */; };
		10B342281D74A8A600B1F88F /* NativeAppInstalledToggleChecker.m in Sources */ = {isa = PBXBuildFile; fileRef = 10B342271D74A8A600B1F88F /* NativeAppInstalledToggleChecker.m */; };
		10B3422B1D74A94500B1F88F /* MockLinkedinNativeClient.m in Sources */ = {isa = PBXBuildFile; fileRef = 10B3422A1D74A94500B1F88F /* MockLinkedinNativeClient.m */; };
		10B3422E1D74A95800B1F88F /* MockLinkedinWebClient.m in Sources */ = {isa = PBXBuildFile; fileRef = 10B3422D1D74A95800B1F88F /* MockLinkedinWebClient.m */; };
		10F97B261BFBA10500C420E4 /* LinkedinSwift.h in Headers */ = {isa = PBXBuildFile; fileRef = 10F97B251BFBA10500C420E4 /* LinkedinSwift.h */; settings = {ATTRIBUTES = (Public, ); }; };
		10F97B2D1BFBA10500C420E4 /* LinkedinSwift.framework in Frameworks */ = {isa = PBXBuildFile; fileRef = 10F97B221BFBA10500C420E4 /* LinkedinSwift.framework */; };
		10F97B321BFBA10500C420E4 /* LinkedinSwiftTests.m in Sources */ = {isa = PBXBuildFile; fileRef = 10F97B311BFBA10500C420E4 /* LinkedinSwiftTests.m */; };
		10F97B4B1BFBA66D00C420E4 /* LinkedinSwiftHelper.h in Headers */ = {isa = PBXBuildFile; fileRef = 10F97B481BFBA66D00C420E4 /* LinkedinSwiftHelper.h */; settings = {ATTRIBUTES = (Public, ); }; };
		10F97B4C1BFBA66D00C420E4 /* LinkedinSwiftHelper.m in Sources */ = {isa = PBXBuildFile; fileRef = 10F97B491BFBA66D00C420E4 /* LinkedinSwiftHelper.m */; };
		39D450B31DB6A7DB00E6BFC2 /* linkedin-sdk.framework in Frameworks */ = {isa = PBXBuildFile; fileRef = 39D450B21DB6A7DB00E6BFC2 /* linkedin-sdk.framework */; };
		D6F21ED9C0AC373C02BAB4CD /* libPods-LinkedinSwiftTests.a in Frameworks */ = {isa = PBXBuildFile; fileRef = A61F83363CF1A4589DC44E84 /* libPods-LinkedinSwiftTests.a */; };
/* End PBXBuildFile section */

/* Begin PBXContainerItemProxy section */
		10F97B2E1BFBA10500C420E4 /* PBXContainerItemProxy */ = {
			isa = PBXContainerItemProxy;
			containerPortal = 10F97B191BFBA10500C420E4 /* Project object */;
			proxyType = 1;
			remoteGlobalIDString = 10F97B211BFBA10500C420E4;
			remoteInfo = LinkedinSwift;
		};
/* End PBXContainerItemProxy section */

/* Begin PBXFileReference section */
		10682E101D744C44006D3715 /* LSLinkedinToken.h */ = {isa = PBXFileReference; fileEncoding = 4; lastKnownFileType = sourcecode.c.h; name = LSLinkedinToken.h; path = sources/Entities/LSLinkedinToken.h; sourceTree = "<group>"; };
		10682E111D744C44006D3715 /* LSLinkedinToken.m */ = {isa = PBXFileReference; fileEncoding = 4; lastKnownFileType = sourcecode.c.objc; name = LSLinkedinToken.m; path = sources/Entities/LSLinkedinToken.m; sourceTree = "<group>"; };
		10682E121D744C44006D3715 /* LSResponse.h */ = {isa = PBXFileReference; fileEncoding = 4; lastKnownFileType = sourcecode.c.h; name = LSResponse.h; path = sources/Entities/LSResponse.h; sourceTree = "<group>"; };
		10682E131D744C44006D3715 /* LSResponse.m */ = {isa = PBXFileReference; fileEncoding = 4; lastKnownFileType = sourcecode.c.objc; name = LSResponse.m; path = sources/Entities/LSResponse.m; sourceTree = "<group>"; };
		10682E181D744C79006D3715 /* LinkedinSwiftConfiguration.h */ = {isa = PBXFileReference; fileEncoding = 4; lastKnownFileType = sourcecode.c.h; name = LinkedinSwiftConfiguration.h; path = sources/Entities/LinkedinSwiftConfiguration.h; sourceTree = "<group>"; };
		10682E191D744C79006D3715 /* LinkedinSwiftConfiguration.m */ = {isa = PBXFileReference; fileEncoding = 4; lastKnownFileType = sourcecode.c.objc; name = LinkedinSwiftConfiguration.m; path = sources/Entities/LinkedinSwiftConfiguration.m; sourceTree = "<group>"; };
		10682E1C1D744D23006D3715 /* NativeAppInstalledChecker.h */ = {isa = PBXFileReference; fileEncoding = 4; lastKnownFileType = sourcecode.c.h; name = NativeAppInstalledChecker.h; path = sources/NativeAppInstalledChecker.h; sourceTree = "<group>"; };
		10682E1D1D744D23006D3715 /* NativeAppInstalledChecker.m */ = {isa = PBXFileReference; fileEncoding = 4; lastKnownFileType = sourcecode.c.objc; name = NativeAppInstalledChecker.m; path = sources/NativeAppInstalledChecker.m; sourceTree = "<group>"; };
		10905AA21BFE95B5002AA119 /* LSHeader.h */ = {isa = PBXFileReference; fileEncoding = 4; lastKnownFileType = sourcecode.c.h; name = LSHeader.h; path = sources/LSHeader.h; sourceTree = "<group>"; };
		10B3421C1D7490DE00B1F88F /* LinkedinNativeClient.h */ = {isa = PBXFileReference; fileEncoding = 4; lastKnownFileType = sourcecode.c.h; name = LinkedinNativeClient.h; path = sources/LinkedinNativeClient.h; sourceTree = "<group>"; };
		10B3421D1D7490DE00B1F88F /* LinkedinNativeClient.m */ = {isa = PBXFileReference; fileEncoding = 4; lastKnownFileType = sourcecode.c.objc; name = LinkedinNativeClient.m; path = sources/LinkedinNativeClient.m; sourceTree = "<group>"; };
		10B342201D7490F700B1F88F /* LinkedinOAuthWebClient.h */ = {isa = PBXFileReference; fileEncoding = 4; lastKnownFileType = sourcecode.c.h; name = LinkedinOAuthWebClient.h; path = sources/LinkedinOAuthWebClient.h; sourceTree = "<group>"; };
		10B342211D7490F700B1F88F /* LinkedinOAuthWebClient.m */ = {isa = PBXFileReference; fileEncoding = 4; lastKnownFileType = sourcecode.c.objc; name = LinkedinOAuthWebClient.m; path = sources/LinkedinOAuthWebClient.m; sourceTree = "<group>"; };
		10B342241D7491D100B1F88F /* LSTypesHeader.h */ = {isa = PBXFileReference; lastKnownFileType = sourcecode.c.h; name = LSTypesHeader.h; path = sources/LSTypesHeader.h; sourceTree = "<group>"; };
		10B342261D74A8A600B1F88F /* NativeAppInstalledToggleChecker.h */ = {isa = PBXFileReference; fileEncoding = 4; lastKnownFileType = sourcecode.c.h; name = NativeAppInstalledToggleChecker.h; path = Mocks/NativeAppInstalledToggleChecker.h; sourceTree = "<group>"; };
		10B342271D74A8A600B1F88F /* NativeAppInstalledToggleChecker.m */ = {isa = PBXFileReference; fileEncoding = 4; lastKnownFileType = sourcecode.c.objc; name = NativeAppInstalledToggleChecker.m; path = Mocks/NativeAppInstalledToggleChecker.m; sourceTree = "<group>"; };
		10B342291D74A94500B1F88F /* MockLinkedinNativeClient.h */ = {isa = PBXFileReference; fileEncoding = 4; lastKnownFileType = sourcecode.c.h; name = MockLinkedinNativeClient.h; path = Mocks/MockLinkedinNativeClient.h; sourceTree = "<group>"; };
		10B3422A1D74A94500B1F88F /* MockLinkedinNativeClient.m */ = {isa = PBXFileReference; fileEncoding = 4; lastKnownFileType = sourcecode.c.objc; name = MockLinkedinNativeClient.m; path = Mocks/MockLinkedinNativeClient.m; sourceTree = "<group>"; };
		10B3422C1D74A95800B1F88F /* MockLinkedinWebClient.h */ = {isa = PBXFileReference; fileEncoding = 4; lastKnownFileType = sourcecode.c.h; name = MockLinkedinWebClient.h; path = Mocks/MockLinkedinWebClient.h; sourceTree = "<group>"; };
		10B3422D1D74A95800B1F88F /* MockLinkedinWebClient.m */ = {isa = PBXFileReference; fileEncoding = 4; lastKnownFileType = sourcecode.c.objc; name = MockLinkedinWebClient.m; path = Mocks/MockLinkedinWebClient.m; sourceTree = "<group>"; };
		10F97B221BFBA10500C420E4 /* LinkedinSwift.framework */ = {isa = PBXFileReference; explicitFileType = wrapper.framework; includeInIndex = 0; path = LinkedinSwift.framework; sourceTree = BUILT_PRODUCTS_DIR; };
		10F97B251BFBA10500C420E4 /* LinkedinSwift.h */ = {isa = PBXFileReference; lastKnownFileType = sourcecode.c.h; path = LinkedinSwift.h; sourceTree = "<group>"; };
		10F97B271BFBA10500C420E4 /* Info.plist */ = {isa = PBXFileReference; lastKnownFileType = text.plist.xml; path = Info.plist; sourceTree = "<group>"; };
		10F97B2C1BFBA10500C420E4 /* LinkedinSwiftTests.xctest */ = {isa = PBXFileReference; explicitFileType = wrapper.cfbundle; includeInIndex = 0; path = LinkedinSwiftTests.xctest; sourceTree = BUILT_PRODUCTS_DIR; };
		10F97B311BFBA10500C420E4 /* LinkedinSwiftTests.m */ = {isa = PBXFileReference; lastKnownFileType = sourcecode.c.objc; path = LinkedinSwiftTests.m; sourceTree = "<group>"; };
		10F97B331BFBA10500C420E4 /* Info.plist */ = {isa = PBXFileReference; lastKnownFileType = text.plist.xml; path = Info.plist; sourceTree = "<group>"; };
		10F97B481BFBA66D00C420E4 /* LinkedinSwiftHelper.h */ = {isa = PBXFileReference; fileEncoding = 4; lastKnownFileType = sourcecode.c.h; name = LinkedinSwiftHelper.h; path = sources/LinkedinSwiftHelper.h; sourceTree = "<group>"; };
		10F97B491BFBA66D00C420E4 /* LinkedinSwiftHelper.m */ = {isa = PBXFileReference; fileEncoding = 4; lastKnownFileType = sourcecode.c.objc; name = LinkedinSwiftHelper.m; path = sources/LinkedinSwiftHelper.m; sourceTree = "<group>"; };
		1638B01798C0233F2FDC40D1 /* Pods-LinkedinSwiftTests.release.xcconfig */ = {isa = PBXFileReference; includeInIndex = 1; lastKnownFileType = text.xcconfig; name = "Pods-LinkedinSwiftTests.release.xcconfig"; path = "Pods/Target Support Files/Pods-LinkedinSwiftTests/Pods-LinkedinSwiftTests.release.xcconfig"; sourceTree = "<group>"; };
		39D450B21DB6A7DB00E6BFC2 /* linkedin-sdk.framework */ = {isa = PBXFileReference; lastKnownFileType = wrapper.framework; path = "linkedin-sdk.framework"; sourceTree = "<group>"; };
		530AC7258F32B5B89DD856E9 /* Pods-LinkedinSwift.release.xcconfig */ = {isa = PBXFileReference; includeInIndex = 1; lastKnownFileType = text.xcconfig; name = "Pods-LinkedinSwift.release.xcconfig"; path = "Pods/Target Support Files/Pods-LinkedinSwift/Pods-LinkedinSwift.release.xcconfig"; sourceTree = "<group>"; };
		53A34C2AF5DDE3DA878A8F1B /* Pods-LinkedinSwiftTests.debug.xcconfig */ = {isa = PBXFileReference; includeInIndex = 1; lastKnownFileType = text.xcconfig; name = "Pods-LinkedinSwiftTests.debug.xcconfig"; path = "Pods/Target Support Files/Pods-LinkedinSwiftTests/Pods-LinkedinSwiftTests.debug.xcconfig"; sourceTree = "<group>"; };
		59E66CB55BA9170DA7148F2E /* libPods-LinkedinSwift.a */ = {isa = PBXFileReference; explicitFileType = archive.ar; includeInIndex = 0; path = "libPods-LinkedinSwift.a"; sourceTree = BUILT_PRODUCTS_DIR; };
		5DB1DD014B3F049A32644472 /* Pods-LinkedinSwift.debug.xcconfig */ = {isa = PBXFileReference; includeInIndex = 1; lastKnownFileType = text.xcconfig; name = "Pods-LinkedinSwift.debug.xcconfig"; path = "Pods/Target Support Files/Pods-LinkedinSwift/Pods-LinkedinSwift.debug.xcconfig"; sourceTree = "<group>"; };
		A61F83363CF1A4589DC44E84 /* libPods-LinkedinSwiftTests.a */ = {isa = PBXFileReference; explicitFileType = archive.ar; includeInIndex = 0; path = "libPods-LinkedinSwiftTests.a"; sourceTree = BUILT_PRODUCTS_DIR; };
/* End PBXFileReference section */

/* Begin PBXFrameworksBuildPhase section */
		10F97B1E1BFBA10500C420E4 /* Frameworks */ = {
			isa = PBXFrameworksBuildPhase;
			buildActionMask = 2147483647;
			files = (
				0035D623217B3DC7320F45C9 /* libPods-LinkedinSwift.a in Frameworks */,
				39D450B31DB6A7DB00E6BFC2 /* linkedin-sdk.framework in Frameworks */,
			);
			runOnlyForDeploymentPostprocessing = 0;
		};
		10F97B291BFBA10500C420E4 /* Frameworks */ = {
			isa = PBXFrameworksBuildPhase;
			buildActionMask = 2147483647;
			files = (
				10F97B2D1BFBA10500C420E4 /* LinkedinSwift.framework in Frameworks */,
				D6F21ED9C0AC373C02BAB4CD /* libPods-LinkedinSwiftTests.a in Frameworks */,
			);
			runOnlyForDeploymentPostprocessing = 0;
		};
/* End PBXFrameworksBuildPhase section */

/* Begin PBXGroup section */
		10682E0F1D744C21006D3715 /* Entities */ = {
			isa = PBXGroup;
			children = (
				10682E181D744C79006D3715 /* LinkedinSwiftConfiguration.h */,
				10682E191D744C79006D3715 /* LinkedinSwiftConfiguration.m */,
				10682E101D744C44006D3715 /* LSLinkedinToken.h */,
				10682E111D744C44006D3715 /* LSLinkedinToken.m */,
				10682E121D744C44006D3715 /* LSResponse.h */,
				10682E131D744C44006D3715 /* LSResponse.m */,
			);
			name = Entities;
			sourceTree = "<group>";
		};
		10B342251D74A84100B1F88F /* Mocks */ = {
			isa = PBXGroup;
			children = (
				10B342261D74A8A600B1F88F /* NativeAppInstalledToggleChecker.h */,
				10B342271D74A8A600B1F88F /* NativeAppInstalledToggleChecker.m */,
				10B342291D74A94500B1F88F /* MockLinkedinNativeClient.h */,
				10B3422A1D74A94500B1F88F /* MockLinkedinNativeClient.m */,
				10B3422C1D74A95800B1F88F /* MockLinkedinWebClient.h */,
				10B3422D1D74A95800B1F88F /* MockLinkedinWebClient.m */,
			);
			name = Mocks;
			sourceTree = "<group>";
		};
		10F97B181BFBA10500C420E4 = {
			isa = PBXGroup;
			children = (
				10F97B241BFBA10500C420E4 /* LinkedinSwift */,
				10F97B301BFBA10500C420E4 /* LinkedinSwiftTests */,
				10F97B231BFBA10500C420E4 /* Products */,
				3CF218842F4F8789F95CAD8C /* Frameworks */,
				75324329B2A7F02088054659 /* Pods */,
			);
			sourceTree = "<group>";
		};
		10F97B231BFBA10500C420E4 /* Products */ = {
			isa = PBXGroup;
			children = (
				10F97B221BFBA10500C420E4 /* LinkedinSwift.framework */,
				10F97B2C1BFBA10500C420E4 /* LinkedinSwiftTests.xctest */,
			);
			name = Products;
			sourceTree = "<group>";
		};
		10F97B241BFBA10500C420E4 /* LinkedinSwift */ = {
			isa = PBXGroup;
			children = (
				10F97B3E1BFBA17C00C420E4 /* sources */,
				10F97B251BFBA10500C420E4 /* LinkedinSwift.h */,
				10F97B271BFBA10500C420E4 /* Info.plist */,
			);
			path = LinkedinSwift;
			sourceTree = "<group>";
		};
		10F97B301BFBA10500C420E4 /* LinkedinSwiftTests */ = {
			isa = PBXGroup;
			children = (
				10B342251D74A84100B1F88F /* Mocks */,
				10F97B311BFBA10500C420E4 /* LinkedinSwiftTests.m */,
				10F97B331BFBA10500C420E4 /* Info.plist */,
			);
			path = LinkedinSwiftTests;
			sourceTree = "<group>";
		};
		10F97B3E1BFBA17C00C420E4 /* sources */ = {
			isa = PBXGroup;
			children = (
				10905AA21BFE95B5002AA119 /* LSHeader.h */,
				10B342241D7491D100B1F88F /* LSTypesHeader.h */,
				10682E0F1D744C21006D3715 /* Entities */,
				10F97B481BFBA66D00C420E4 /* LinkedinSwiftHelper.h */,
				10F97B491BFBA66D00C420E4 /* LinkedinSwiftHelper.m */,
				10682E1C1D744D23006D3715 /* NativeAppInstalledChecker.h */,
				10682E1D1D744D23006D3715 /* NativeAppInstalledChecker.m */,
				10B3421C1D7490DE00B1F88F /* LinkedinNativeClient.h */,
				10B3421D1D7490DE00B1F88F /* LinkedinNativeClient.m */,
				10B342201D7490F700B1F88F /* LinkedinOAuthWebClient.h */,
				10B342211D7490F700B1F88F /* LinkedinOAuthWebClient.m */,
			);
			name = sources;
			sourceTree = "<group>";
		};
		3CF218842F4F8789F95CAD8C /* Frameworks */ = {
			isa = PBXGroup;
			children = (
				39D450B21DB6A7DB00E6BFC2 /* linkedin-sdk.framework */,
				59E66CB55BA9170DA7148F2E /* libPods-LinkedinSwift.a */,
				A61F83363CF1A4589DC44E84 /* libPods-LinkedinSwiftTests.a */,
			);
			name = Frameworks;
			sourceTree = "<group>";
		};
		75324329B2A7F02088054659 /* Pods */ = {
			isa = PBXGroup;
			children = (
				5DB1DD014B3F049A32644472 /* Pods-LinkedinSwift.debug.xcconfig */,
				530AC7258F32B5B89DD856E9 /* Pods-LinkedinSwift.release.xcconfig */,
				53A34C2AF5DDE3DA878A8F1B /* Pods-LinkedinSwiftTests.debug.xcconfig */,
				1638B01798C0233F2FDC40D1 /* Pods-LinkedinSwiftTests.release.xcconfig */,
			);
			name = Pods;
			sourceTree = "<group>";
		};
/* End PBXGroup section */

/* Begin PBXHeadersBuildPhase section */
		10F97B1F1BFBA10500C420E4 /* Headers */ = {
			isa = PBXHeadersBuildPhase;
			buildActionMask = 2147483647;
			files = (
				10682E1A1D744C79006D3715 /* LinkedinSwiftConfiguration.h in Headers */,
				10905AA31BFE95B5002AA119 /* LSHeader.h in Headers */,
				10B3421E1D7490DE00B1F88F /* LinkedinNativeClient.h in Headers */,
				10F97B4B1BFBA66D00C420E4 /* LinkedinSwiftHelper.h in Headers */,
				10682E161D744C44006D3715 /* LSResponse.h in Headers */,
				10F97B261BFBA10500C420E4 /* LinkedinSwift.h in Headers */,
				10682E1E1D744D23006D3715 /* NativeAppInstalledChecker.h in Headers */,
				10B342221D7490F700B1F88F /* LinkedinOAuthWebClient.h in Headers */,
				10682E141D744C44006D3715 /* LSLinkedinToken.h in Headers */,
			);
			runOnlyForDeploymentPostprocessing = 0;
		};
/* End PBXHeadersBuildPhase section */

/* Begin PBXNativeTarget section */
		10F97B211BFBA10500C420E4 /* LinkedinSwift */ = {
			isa = PBXNativeTarget;
			buildConfigurationList = 10F97B361BFBA10500C420E4 /* Build configuration list for PBXNativeTarget "LinkedinSwift" */;
			buildPhases = (
				431C31E17579AECB0F784A3C /* [CP] Check Pods Manifest.lock */,
				10F97B1D1BFBA10500C420E4 /* Sources */,
				10F97B1E1BFBA10500C420E4 /* Frameworks */,
				10F97B1F1BFBA10500C420E4 /* Headers */,
				10F97B201BFBA10500C420E4 /* Resources */,
				21399E5BEDDE1E93D66FBEF1 /* [CP] Copy Pods Resources */,
			);
			buildRules = (
			);
			dependencies = (
			);
			name = LinkedinSwift;
			productName = LinkedinSwift;
			productReference = 10F97B221BFBA10500C420E4 /* LinkedinSwift.framework */;
			productType = "com.apple.product-type.framework";
		};
		10F97B2B1BFBA10500C420E4 /* LinkedinSwiftTests */ = {
			isa = PBXNativeTarget;
			buildConfigurationList = 10F97B391BFBA10500C420E4 /* Build configuration list for PBXNativeTarget "LinkedinSwiftTests" */;
			buildPhases = (
				5CBA8D8563DAF8403B074525 /* [CP] Check Pods Manifest.lock */,
				10F97B281BFBA10500C420E4 /* Sources */,
				10F97B291BFBA10500C420E4 /* Frameworks */,
				10F97B2A1BFBA10500C420E4 /* Resources */,
				3FC39B87AF103AC1F2AF841B /* [CP] Embed Pods Frameworks */,
				67E262E27E6290D0F7E02CD8 /* [CP] Copy Pods Resources */,
			);
			buildRules = (
			);
			dependencies = (
				10F97B2F1BFBA10500C420E4 /* PBXTargetDependency */,
			);
			name = LinkedinSwiftTests;
			productName = LinkedinSwiftTests;
			productReference = 10F97B2C1BFBA10500C420E4 /* LinkedinSwiftTests.xctest */;
			productType = "com.apple.product-type.bundle.unit-test";
		};
/* End PBXNativeTarget section */

/* Begin PBXProject section */
		10F97B191BFBA10500C420E4 /* Project object */ = {
			isa = PBXProject;
			attributes = {
				LastUpgradeCheck = 0810;
				ORGANIZATIONNAME = Carma;
				TargetAttributes = {
					10F97B211BFBA10500C420E4 = {
						CreatedOnToolsVersion = 7.1.1;
					};
					10F97B2B1BFBA10500C420E4 = {
						CreatedOnToolsVersion = 7.1.1;
					};
				};
			};
			buildConfigurationList = 10F97B1C1BFBA10500C420E4 /* Build configuration list for PBXProject "LinkedinSwift" */;
			compatibilityVersion = "Xcode 3.2";
			developmentRegion = English;
			hasScannedForEncodings = 0;
			knownRegions = (
				en,
			);
			mainGroup = 10F97B181BFBA10500C420E4;
			productRefGroup = 10F97B231BFBA10500C420E4 /* Products */;
			projectDirPath = "";
			projectRoot = "";
			targets = (
				10F97B211BFBA10500C420E4 /* LinkedinSwift */,
				10F97B2B1BFBA10500C420E4 /* LinkedinSwiftTests */,
			);
		};
/* End PBXProject section */

/* Begin PBXResourcesBuildPhase section */
		10F97B201BFBA10500C420E4 /* Resources */ = {
			isa = PBXResourcesBuildPhase;
			buildActionMask = 2147483647;
			files = (
			);
			runOnlyForDeploymentPostprocessing = 0;
		};
		10F97B2A1BFBA10500C420E4 /* Resources */ = {
			isa = PBXResourcesBuildPhase;
			buildActionMask = 2147483647;
			files = (
			);
			runOnlyForDeploymentPostprocessing = 0;
		};
/* End PBXResourcesBuildPhase section */

/* Begin PBXShellScriptBuildPhase section */
		21399E5BEDDE1E93D66FBEF1 /* [CP] Copy Pods Resources */ = {
			isa = PBXShellScriptBuildPhase;
			buildActionMask = 2147483647;
			files = (
			);
			inputPaths = (
			);
			name = "[CP] Copy Pods Resources";
			outputPaths = (
			);
			runOnlyForDeploymentPostprocessing = 0;
			shellPath = /bin/sh;
			shellScript = "\"${SRCROOT}/Pods/Target Support Files/Pods-LinkedinSwift/Pods-LinkedinSwift-resources.sh\"\n";
			showEnvVarsInLog = 0;
		};
		3FC39B87AF103AC1F2AF841B /* [CP] Embed Pods Frameworks */ = {
			isa = PBXShellScriptBuildPhase;
			buildActionMask = 2147483647;
			files = (
			);
			inputPaths = (
			);
			name = "[CP] Embed Pods Frameworks";
			outputPaths = (
			);
			runOnlyForDeploymentPostprocessing = 0;
			shellPath = /bin/sh;
			shellScript = "\"${SRCROOT}/Pods/Target Support Files/Pods-LinkedinSwiftTests/Pods-LinkedinSwiftTests-frameworks.sh\"\n";
			showEnvVarsInLog = 0;
		};
		431C31E17579AECB0F784A3C /* [CP] Check Pods Manifest.lock */ = {
			isa = PBXShellScriptBuildPhase;
			buildActionMask = 2147483647;
			files = (
			);
			inputPaths = (
			);
			name = "[CP] Check Pods Manifest.lock";
			outputPaths = (
			);
			runOnlyForDeploymentPostprocessing = 0;
			shellPath = /bin/sh;
			shellScript = "diff \"${PODS_ROOT}/../Podfile.lock\" \"${PODS_ROOT}/Manifest.lock\" > /dev/null\nif [ $? != 0 ] ; then\n    # print error to STDERR\n    echo \"error: The sandbox is not in sync with the Podfile.lock. Run 'pod install' or update your CocoaPods installation.\" >&2\n    exit 1\nfi\n";
			showEnvVarsInLog = 0;
		};
		5CBA8D8563DAF8403B074525 /* [CP] Check Pods Manifest.lock */ = {
			isa = PBXShellScriptBuildPhase;
			buildActionMask = 2147483647;
			files = (
			);
			inputPaths = (
			);
			name = "[CP] Check Pods Manifest.lock";
			outputPaths = (
			);
			runOnlyForDeploymentPostprocessing = 0;
			shellPath = /bin/sh;
			shellScript = "diff \"${PODS_ROOT}/../Podfile.lock\" \"${PODS_ROOT}/Manifest.lock\" > /dev/null\nif [ $? != 0 ] ; then\n    # print error to STDERR\n    echo \"error: The sandbox is not in sync with the Podfile.lock. Run 'pod install' or update your CocoaPods installation.\" >&2\n    exit 1\nfi\n";
			showEnvVarsInLog = 0;
		};
		67E262E27E6290D0F7E02CD8 /* [CP] Copy Pods Resources */ = {
			isa = PBXShellScriptBuildPhase;
			buildActionMask = 2147483647;
			files = (
			);
			inputPaths = (
			);
			name = "[CP] Copy Pods Resources";
			outputPaths = (
			);
			runOnlyForDeploymentPostprocessing = 0;
			shellPath = /bin/sh;
			shellScript = "\"${SRCROOT}/Pods/Target Support Files/Pods-LinkedinSwiftTests/Pods-LinkedinSwiftTests-resources.sh\"\n";
			showEnvVarsInLog = 0;
		};
/* End PBXShellScriptBuildPhase section */

/* Begin PBXSourcesBuildPhase section */
		10F97B1D1BFBA10500C420E4 /* Sources */ = {
			isa = PBXSourcesBuildPhase;
			buildActionMask = 2147483647;
			files = (
				10B342231D7490F700B1F88F /* LinkedinOAuthWebClient.m in Sources */,
				10682E171D744C44006D3715 /* LSResponse.m in Sources */,
				10F97B4C1BFBA66D00C420E4 /* LinkedinSwiftHelper.m in Sources */,
				10682E1B1D744C79006D3715 /* LinkedinSwiftConfiguration.m in Sources */,
				10B3421F1D7490DE00B1F88F /* LinkedinNativeClient.m in Sources */,
				10682E151D744C44006D3715 /* LSLinkedinToken.m in Sources */,
				10682E1F1D744D23006D3715 /* NativeAppInstalledChecker.m in Sources */,
			);
			runOnlyForDeploymentPostprocessing = 0;
		};
		10F97B281BFBA10500C420E4 /* Sources */ = {
			isa = PBXSourcesBuildPhase;
			buildActionMask = 2147483647;
			files = (
				10F97B321BFBA10500C420E4 /* LinkedinSwiftTests.m in Sources */,
				10B342281D74A8A600B1F88F /* NativeAppInstalledToggleChecker.m in Sources */,
				10B3422B1D74A94500B1F88F /* MockLinkedinNativeClient.m in Sources */,
				10B3422E1D74A95800B1F88F /* MockLinkedinWebClient.m in Sources */,
			);
			runOnlyForDeploymentPostprocessing = 0;
		};
/* End PBXSourcesBuildPhase section */

/* Begin PBXTargetDependency section */
		10F97B2F1BFBA10500C420E4 /* PBXTargetDependency */ = {
			isa = PBXTargetDependency;
			target = 10F97B211BFBA10500C420E4 /* LinkedinSwift */;
			targetProxy = 10F97B2E1BFBA10500C420E4 /* PBXContainerItemProxy */;
		};
/* End PBXTargetDependency section */

/* Begin XCBuildConfiguration section */
		10F97B341BFBA10500C420E4 /* Debug */ = {
			isa = XCBuildConfiguration;
			buildSettings = {
				ALWAYS_SEARCH_USER_PATHS = NO;
				CLANG_CXX_LANGUAGE_STANDARD = "gnu++0x";
				CLANG_CXX_LIBRARY = "libc++";
				CLANG_ENABLE_MODULES = YES;
				CLANG_ENABLE_OBJC_ARC = YES;
				CLANG_WARN_BOOL_CONVERSION = YES;
				CLANG_WARN_CONSTANT_CONVERSION = YES;
				CLANG_WARN_DIRECT_OBJC_ISA_USAGE = YES_ERROR;
				CLANG_WARN_EMPTY_BODY = YES;
				CLANG_WARN_ENUM_CONVERSION = YES;
				CLANG_WARN_INFINITE_RECURSION = YES;
				CLANG_WARN_INT_CONVERSION = YES;
				CLANG_WARN_OBJC_ROOT_CLASS = YES_ERROR;
				CLANG_WARN_SUSPICIOUS_MOVE = YES;
				CLANG_WARN_UNREACHABLE_CODE = YES;
				CLANG_WARN__DUPLICATE_METHOD_MATCH = YES;
				"CODE_SIGN_IDENTITY[sdk=iphoneos*]" = "iPhone Developer";
				COPY_PHASE_STRIP = NO;
				CURRENT_PROJECT_VERSION = 1.3;
				DEBUG_INFORMATION_FORMAT = dwarf;
				ENABLE_STRICT_OBJC_MSGSEND = YES;
				ENABLE_TESTABILITY = YES;
				GCC_C_LANGUAGE_STANDARD = gnu99;
				GCC_DYNAMIC_NO_PIC = NO;
				GCC_NO_COMMON_BLOCKS = YES;
				GCC_OPTIMIZATION_LEVEL = 0;
				GCC_PREPROCESSOR_DEFINITIONS = (
					"DEBUG=1",
					"$(inherited)",
				);
				GCC_WARN_64_TO_32_BIT_CONVERSION = YES;
				GCC_WARN_ABOUT_RETURN_TYPE = YES_ERROR;
				GCC_WARN_UNDECLARED_SELECTOR = YES;
				GCC_WARN_UNINITIALIZED_AUTOS = YES_AGGRESSIVE;
				GCC_WARN_UNUSED_FUNCTION = YES;
				GCC_WARN_UNUSED_VARIABLE = YES;
				IPHONEOS_DEPLOYMENT_TARGET = 9.1;
				MTL_ENABLE_DEBUG_INFO = YES;
				ONLY_ACTIVE_ARCH = YES;
				SDKROOT = iphoneos;
				TARGETED_DEVICE_FAMILY = "1,2";
				VERSIONING_SYSTEM = "apple-generic";
				VERSION_INFO_PREFIX = "";
			};
			name = Debug;
		};
		10F97B351BFBA10500C420E4 /* Release */ = {
			isa = XCBuildConfiguration;
			buildSettings = {
				ALWAYS_SEARCH_USER_PATHS = NO;
				CLANG_CXX_LANGUAGE_STANDARD = "gnu++0x";
				CLANG_CXX_LIBRARY = "libc++";
				CLANG_ENABLE_MODULES = YES;
				CLANG_ENABLE_OBJC_ARC = YES;
				CLANG_WARN_BOOL_CONVERSION = YES;
				CLANG_WARN_CONSTANT_CONVERSION = YES;
				CLANG_WARN_DIRECT_OBJC_ISA_USAGE = YES_ERROR;
				CLANG_WARN_EMPTY_BODY = YES;
				CLANG_WARN_ENUM_CONVERSION = YES;
				CLANG_WARN_INFINITE_RECURSION = YES;
				CLANG_WARN_INT_CONVERSION = YES;
				CLANG_WARN_OBJC_ROOT_CLASS = YES_ERROR;
				CLANG_WARN_SUSPICIOUS_MOVE = YES;
				CLANG_WARN_UNREACHABLE_CODE = YES;
				CLANG_WARN__DUPLICATE_METHOD_MATCH = YES;
				"CODE_SIGN_IDENTITY[sdk=iphoneos*]" = "iPhone Developer";
				COPY_PHASE_STRIP = NO;
				CURRENT_PROJECT_VERSION = 1.3;
				DEBUG_INFORMATION_FORMAT = "dwarf-with-dsym";
				ENABLE_NS_ASSERTIONS = NO;
				ENABLE_STRICT_OBJC_MSGSEND = YES;
				GCC_C_LANGUAGE_STANDARD = gnu99;
				GCC_NO_COMMON_BLOCKS = YES;
				GCC_WARN_64_TO_32_BIT_CONVERSION = YES;
				GCC_WARN_ABOUT_RETURN_TYPE = YES_ERROR;
				GCC_WARN_UNDECLARED_SELECTOR = YES;
				GCC_WARN_UNINITIALIZED_AUTOS = YES_AGGRESSIVE;
				GCC_WARN_UNUSED_FUNCTION = YES;
				GCC_WARN_UNUSED_VARIABLE = YES;
				IPHONEOS_DEPLOYMENT_TARGET = 9.1;
				MTL_ENABLE_DEBUG_INFO = NO;
				SDKROOT = iphoneos;
				TARGETED_DEVICE_FAMILY = "1,2";
				VALIDATE_PRODUCT = YES;
				VERSIONING_SYSTEM = "apple-generic";
				VERSION_INFO_PREFIX = "";
			};
			name = Release;
		};
		10F97B371BFBA10500C420E4 /* Debug */ = {
			isa = XCBuildConfiguration;
			baseConfigurationReference = 5DB1DD014B3F049A32644472 /* Pods-LinkedinSwift.debug.xcconfig */;
			buildSettings = {
				ALWAYS_SEARCH_USER_PATHS = NO;
				"CODE_SIGN_IDENTITY[sdk=iphoneos*]" = "";
				DEFINES_MODULE = YES;
				DYLIB_COMPATIBILITY_VERSION = 1;
				DYLIB_CURRENT_VERSION = 1.3;
				DYLIB_INSTALL_NAME_BASE = "@rpath";
				ENABLE_BITCODE = NO;
				FRAMEWORK_SEARCH_PATHS = (
					"$(inherited)",
					"$(PROJECT_DIR)/LinkedinSwift",
					"$(PROJECT_DIR)/LinkedinSwift/sources",
					"$(PROJECT_DIR)/**",
					"$(PROJECT_DIR)/LinkedinSwift/sources/Entities",
				);
				HEADER_SEARCH_PATHS = (
					"$(inherited)/**",
					"\"${PODS_ROOT}/Headers/Public\"",
					"\"${PODS_ROOT}/Headers/Public/AFNetworking\"",
					"\"${PODS_ROOT}/Headers/Public/IOSLinkedInAPI\"",
					"$(PROJECT_DIR)/**",
				);
				INFOPLIST_FILE = LinkedinSwift/Info.plist;
				INSTALL_PATH = "$(LOCAL_LIBRARY_DIR)/Frameworks";
				IPHONEOS_DEPLOYMENT_TARGET = 8.0;
				LD_RUNPATH_SEARCH_PATHS = "$(inherited) @executable_path/Frameworks @loader_path/Frameworks";
				ONLY_ACTIVE_ARCH = YES;
				OTHER_LDFLAGS = (
					"$(inherited)",
					"-ObjC",
					"-l\"AFNetworking\"",
					"-l\"IOSLinkedInAPIFix\"",
					"-framework",
					"\"CoreGraphics\"",
					"-framework",
					"\"MobileCoreServices\"",
					"-framework",
					"\"Security\"",
					"-framework",
					"\"SystemConfiguration\"",
				);
				PRODUCT_BUNDLE_IDENTIFIER = ma.car.LinkedinSwift;
				PRODUCT_NAME = "$(TARGET_NAME)";
				SKIP_INSTALL = YES;
				USER_HEADER_SEARCH_PATHS = "$(PROJECT_DIR)/** $(inherited)";
				VALID_ARCHS = "arm64 armv7 armv7s";
			};
			name = Debug;
		};
		10F97B381BFBA10500C420E4 /* Release */ = {
			isa = XCBuildConfiguration;
			baseConfigurationReference = 530AC7258F32B5B89DD856E9 /* Pods-LinkedinSwift.release.xcconfig */;
			buildSettings = {
				ALWAYS_SEARCH_USER_PATHS = NO;
				"CODE_SIGN_IDENTITY[sdk=iphoneos*]" = "";
				DEFINES_MODULE = YES;
				DYLIB_COMPATIBILITY_VERSION = 1;
				DYLIB_CURRENT_VERSION = 1.3;
				DYLIB_INSTALL_NAME_BASE = "@rpath";
				ENABLE_BITCODE = NO;
				FRAMEWORK_SEARCH_PATHS = (
					"$(inherited)",
					"$(PROJECT_DIR)/LinkedinSwift",
					"$(PROJECT_DIR)/LinkedinSwift/sources",
					"$(PROJECT_DIR)/**",
					"$(PROJECT_DIR)/LinkedinSwift/sources/Entities",
				);
				HEADER_SEARCH_PATHS = (
					"$(inherited)/**",
					"\"${PODS_ROOT}/Headers/Public\"",
					"\"${PODS_ROOT}/Headers/Public/AFNetworking\"",
					"\"${PODS_ROOT}/Headers/Public/IOSLinkedInAPI\"",
					"$(PROJECT_DIR)/**",
				);
				INFOPLIST_FILE = LinkedinSwift/Info.plist;
				INSTALL_PATH = "$(LOCAL_LIBRARY_DIR)/Frameworks";
				IPHONEOS_DEPLOYMENT_TARGET = 8.0;
				LD_RUNPATH_SEARCH_PATHS = "$(inherited) @executable_path/Frameworks @loader_path/Frameworks";
				ONLY_ACTIVE_ARCH = YES;
				OTHER_LDFLAGS = (
					"$(inherited)",
					"-ObjC",
					"-l\"AFNetworking\"",
					"-l\"IOSLinkedInAPIFix\"",
					"-framework",
					"\"CoreGraphics\"",
					"-framework",
					"\"MobileCoreServices\"",
					"-framework",
					"\"Security\"",
					"-framework",
					"\"SystemConfiguration\"",
				);
				PRODUCT_BUNDLE_IDENTIFIER = ma.car.LinkedinSwift;
				PRODUCT_NAME = "$(TARGET_NAME)";
				SKIP_INSTALL = YES;
				USER_HEADER_SEARCH_PATHS = "$(PROJECT_DIR)/** $(inherited)";
				VALID_ARCHS = "arm64 armv7 armv7s";
			};
			name = Release;
		};
		10F97B3A1BFBA10500C420E4 /* Debug */ = {
			isa = XCBuildConfiguration;
			baseConfigurationReference = 53A34C2AF5DDE3DA878A8F1B /* Pods-LinkedinSwiftTests.debug.xcconfig */;
			buildSettings = {
				CLANG_ALLOW_NON_MODULAR_INCLUDES_IN_FRAMEWORK_MODULES = YES;
				INFOPLIST_FILE = LinkedinSwiftTests/Info.plist;
				IPHONEOS_DEPLOYMENT_TARGET = 8.0;
				LD_RUNPATH_SEARCH_PATHS = "$(inherited) @executable_path/Frameworks @loader_path/Frameworks";
				ONLY_ACTIVE_ARCH = YES;
				PRODUCT_BUNDLE_IDENTIFIER = ma.car.LinkedinSwiftTests;
				PRODUCT_NAME = "$(TARGET_NAME)";
			};
			name = Debug;
		};
		10F97B3B1BFBA10500C420E4 /* Release */ = {
			isa = XCBuildConfiguration;
			baseConfigurationReference = 1638B01798C0233F2FDC40D1 /* Pods-LinkedinSwiftTests.release.xcconfig */;
			buildSettings = {
				CLANG_ALLOW_NON_MODULAR_INCLUDES_IN_FRAMEWORK_MODULES = YES;
				INFOPLIST_FILE = LinkedinSwiftTests/Info.plist;
				IPHONEOS_DEPLOYMENT_TARGET = 8.0;
				LD_RUNPATH_SEARCH_PATHS = "$(inherited) @executable_path/Frameworks @loader_path/Frameworks";
				ONLY_ACTIVE_ARCH = YES;
				PRODUCT_BUNDLE_IDENTIFIER = ma.car.LinkedinSwiftTests;
				PRODUCT_NAME = "$(TARGET_NAME)";
			};
			name = Release;
		};
/* End XCBuildConfiguration section */

/* Begin XCConfigurationList section */
		10F97B1C1BFBA10500C420E4 /* Build configuration list for PBXProject "LinkedinSwift" */ = {
			isa = XCConfigurationList;
			buildConfigurations = (
				10F97B341BFBA10500C420E4 /* Debug */,
				10F97B351BFBA10500C420E4 /* Release */,
			);
			defaultConfigurationIsVisible = 0;
			defaultConfigurationName = Release;
		};
		10F97B361BFBA10500C420E4 /* Build configuration list for PBXNativeTarget "LinkedinSwift" */ = {
			isa = XCConfigurationList;
			buildConfigurations = (
				10F97B371BFBA10500C420E4 /* Debug */,
				10F97B381BFBA10500C420E4 /* Release */,
			);
			defaultConfigurationIsVisible = 0;
			defaultConfigurationName = Release;
		};
		10F97B391BFBA10500C420E4 /* Build configuration list for PBXNativeTarget "LinkedinSwiftTests" */ = {
			isa = XCConfigurationList;
			buildConfigurations = (
				10F97B3A1BFBA10500C420E4 /* Debug */,
				10F97B3B1BFBA10500C420E4 /* Release */,
			);
			defaultConfigurationIsVisible = 0;
			defaultConfigurationName = Release;
		};
/* End XCConfigurationList section */
	};
	rootObject = 10F97B191BFBA10500C420E4 /* Project object */;
}
