// !$*UTF8*$!
{
	archiveVersion = 1;
	classes = {
	};
	objectVersion = 46;
	objects = {

/* Begin PBXBuildFile section */
		10905A821BFE8FF9002AA119 /* AppDelegate.swift in Sources */ = {isa = PBXBuildFile; fileRef = 10905A811BFE8FF9002AA119 /* AppDelegate.swift */; };
		10905A841BFE8FF9002AA119 /* ViewController.swift in Sources */ = {isa = PBXBuildFile; fileRef = 10905A831BFE8FF9002AA119 /* ViewController.swift */; };
		10905A871BFE8FF9002AA119 /* Main.storyboard in Resources */ = {isa = PBXBuildFile; fileRef = 10905A851BFE8FF9002AA119 /* Main.storyboard */; };
		10905A891BFE8FF9002AA119 /* Assets.xcassets in Resources */ = {isa = PBXBuildFile; fileRef = 10905A881BFE8FF9002AA119 /* Assets.xcassets */; };
		10905A8C1BFE8FF9002AA119 /* LaunchScreen.storyboard in Resources */ = {isa = PBXBuildFile; fileRef = 10905A8A1BFE8FF9002AA119 /* LaunchScreen.storyboard */; };
		601AC86DCD68EE00FD481E13 /* libPods-Example.a in Frameworks */ = {isa = PBXBuildFile; fileRef = A42D3AB1849809C314007167 /* libPods-Example.a */; };
/* End PBXBuildFile section */

/* Begin PBXCopyFilesBuildPhase section */
		10905AAA1BFEAD38002AA119 /* Embed Frameworks */ = {
			isa = PBXCopyFilesBuildPhase;
			buildActionMask = 2147483647;
			dstPath = "";
			dstSubfolderSpec = 10;
			files = (
			);
			name = "Embed Frameworks";
			runOnlyForDeploymentPostprocessing = 0;
		};
/* End PBXCopyFilesBuildPhase section */

/* Begin PBXFileReference section */
		10905A7E1BFE8FF9002AA119 /* Example.app */ = {isa = PBXFileReference; explicitFileType = wrapper.application; includeInIndex = 0; path = Example.app; sourceTree = BUILT_PRODUCTS_DIR; };
		10905A811BFE8FF9002AA119 /* AppDelegate.swift */ = {isa = PBXFileReference; lastKnownFileType = sourcecode.swift; path = AppDelegate.swift; sourceTree = "<group>"; };
		10905A831BFE8FF9002AA119 /* ViewController.swift */ = {isa = PBXFileReference; lastKnownFileType = sourcecode.swift; path = ViewController.swift; sourceTree = "<group>"; };
		10905A861BFE8FF9002AA119 /* Base */ = {isa = PBXFileReference; lastKnownFileType = file.storyboard; name = Base; path = Base.lproj/Main.storyboard; sourceTree = "<group>"; };
		10905A881BFE8FF9002AA119 /* Assets.xcassets */ = {isa = PBXFileReference; lastKnownFileType = folder.assetcatalog; path = Assets.xcassets; sourceTree = "<group>"; };
		10905A8B1BFE8FF9002AA119 /* Base */ = {isa = PBXFileReference; lastKnownFileType = file.storyboard; name = Base; path = Base.lproj/LaunchScreen.storyboard; sourceTree = "<group>"; };
		10905A8D1BFE8FF9002AA119 /* Info.plist */ = {isa = PBXFileReference; lastKnownFileType = text.plist.xml; path = Info.plist; sourceTree = "<group>"; };
		10905A951BFE91EB002AA119 /* ObjectiveCHeader.h */ = {isa = PBXFileReference; lastKnownFileType = sourcecode.c.h; path = ObjectiveCHeader.h; sourceTree = "<group>"; };
		311A91B29DA8629760094FBE /* Pods-Example.release.xcconfig */ = {isa = PBXFileReference; includeInIndex = 1; lastKnownFileType = text.xcconfig; name = "Pods-Example.release.xcconfig"; path = "Pods/Target Support Files/Pods-Example/Pods-Example.release.xcconfig"; sourceTree = "<group>"; };
		540F022C43376DAA8BC0FA94 /* Pods-Example.debug.xcconfig */ = {isa = PBXFileReference; includeInIndex = 1; lastKnownFileType = text.xcconfig; name = "Pods-Example.debug.xcconfig"; path = "Pods/Target Support Files/Pods-Example/Pods-Example.debug.xcconfig"; sourceTree = "<group>"; };
		A42D3AB1849809C314007167 /* libPods-Example.a */ = {isa = PBXFileReference; explicitFileType = archive.ar; includeInIndex = 0; path = "libPods-Example.a"; sourceTree = BUILT_PRODUCTS_DIR; };
/* End PBXFileReference section */

/* Begin PBXFrameworksBuildPhase section */
		10905A7B1BFE8FF9002AA119 /* Frameworks */ = {
			isa = PBXFrameworksBuildPhase;
			buildActionMask = 2147483647;
			files = (
				601AC86DCD68EE00FD481E13 /* libPods-Example.a in Frameworks */,
			);
			runOnlyForDeploymentPostprocessing = 0;
		};
/* End PBXFrameworksBuildPhase section */

/* Begin PBXGroup section */
		10905A751BFE8FF9002AA119 = {
			isa = PBXGroup;
			children = (
				10905A801BFE8FF9002AA119 /* Example */,
				10905A7F1BFE8FF9002AA119 /* Products */,
				FFF84635E7A8BC37CEDA384D /* Pods */,
				1FF5F67737A636D80EE3DA16 /* Frameworks */,
			);
			sourceTree = "<group>";
		};
		10905A7F1BFE8FF9002AA119 /* Products */ = {
			isa = PBXGroup;
			children = (
				10905A7E1BFE8FF9002AA119 /* Example.app */,
			);
			name = Products;
			sourceTree = "<group>";
		};
		10905A801BFE8FF9002AA119 /* Example */ = {
			isa = PBXGroup;
			children = (
				10905A811BFE8FF9002AA119 /* AppDelegate.swift */,
				10905A831BFE8FF9002AA119 /* ViewController.swift */,
				10905A851BFE8FF9002AA119 /* Main.storyboard */,
				10905A881BFE8FF9002AA119 /* Assets.xcassets */,
				10905A8A1BFE8FF9002AA119 /* LaunchScreen.storyboard */,
				10905A8D1BFE8FF9002AA119 /* Info.plist */,
				10905A951BFE91EB002AA119 /* ObjectiveCHeader.h */,
			);
			path = Example;
			sourceTree = "<group>";
		};
		1FF5F67737A636D80EE3DA16 /* Frameworks */ = {
			isa = PBXGroup;
			children = (
				A42D3AB1849809C314007167 /* libPods-Example.a */,
			);
			name = Frameworks;
			sourceTree = "<group>";
		};
		FFF84635E7A8BC37CEDA384D /* Pods */ = {
			isa = PBXGroup;
			children = (
				540F022C43376DAA8BC0FA94 /* Pods-Example.debug.xcconfig */,
				311A91B29DA8629760094FBE /* Pods-Example.release.xcconfig */,
			);
			name = Pods;
			sourceTree = "<group>";
		};
/* End PBXGroup section */

/* Begin PBXNativeTarget section */
		10905A7D1BFE8FF9002AA119 /* Example */ = {
			isa = PBXNativeTarget;
			buildConfigurationList = 10905A901BFE8FF9002AA119 /* Build configuration list for PBXNativeTarget "Example" */;
			buildPhases = (
				2083AD5A0048803959B52C3F /* [CP] Check Pods Manifest.lock */,
				10905A7A1BFE8FF9002AA119 /* Sources */,
				10905A7B1BFE8FF9002AA119 /* Frameworks */,
				10905A7C1BFE8FF9002AA119 /* Resources */,
				10905AAA1BFEAD38002AA119 /* Embed Frameworks */,
				8C01DDEA61A79EFCE0D54BEF /* [CP] Embed Pods Frameworks */,
				4F67F631C11D9FCC02371780 /* [CP] Copy Pods Resources */,
			);
			buildRules = (
			);
			dependencies = (
			);
			name = Example;
			productName = Example;
			productReference = 10905A7E1BFE8FF9002AA119 /* Example.app */;
			productType = "com.apple.product-type.application";
		};
/* End PBXNativeTarget section */

/* Begin PBXProject section */
		10905A761BFE8FF9002AA119 /* Project object */ = {
			isa = PBXProject;
			attributes = {
				LastSwiftUpdateCheck = 0710;
				LastUpgradeCheck = 0710;
				ORGANIZATIONNAME = Carma;
				TargetAttributes = {
					10905A7D1BFE8FF9002AA119 = {
						CreatedOnToolsVersion = 7.1.1;
						LastSwiftMigration = 0810;
					};
				};
			};
			buildConfigurationList = 10905A791BFE8FF9002AA119 /* Build configuration list for PBXProject "Example" */;
			compatibilityVersion = "Xcode 3.2";
			developmentRegion = English;
			hasScannedForEncodings = 0;
			knownRegions = (
				en,
				Base,
			);
			mainGroup = 10905A751BFE8FF9002AA119;
			productRefGroup = 10905A7F1BFE8FF9002AA119 /* Products */;
			projectDirPath = "";
			projectRoot = "";
			targets = (
				10905A7D1BFE8FF9002AA119 /* Example */,
			);
		};
/* End PBXProject section */

/* Begin PBXResourcesBuildPhase section */
		10905A7C1BFE8FF9002AA119 /* Resources */ = {
			isa = PBXResourcesBuildPhase;
			buildActionMask = 2147483647;
			files = (
				10905A8C1BFE8FF9002AA119 /* LaunchScreen.storyboard in Resources */,
				10905A891BFE8FF9002AA119 /* Assets.xcassets in Resources */,
				10905A871BFE8FF9002AA119 /* Main.storyboard in Resources */,
			);
			runOnlyForDeploymentPostprocessing = 0;
		};
/* End PBXResourcesBuildPhase section */

/* Begin PBXShellScriptBuildPhase section */
		2083AD5A0048803959B52C3F /* [CP] Check Pods Manifest.lock */ = {
			isa = PBXShellScriptBuildPhase;
			buildActionMask = 2147483647;
			files = (
			);
			inputPaths = (
			);
			name = "[CP] Check Pods Manifest.lock";
			outputPaths = (
			);
			runOnlyForDeploymentPostprocessing = 0;
			shellPath = /bin/sh;
			shellScript = "diff \"${PODS_ROOT}/../Podfile.lock\" \"${PODS_ROOT}/Manifest.lock\" > /dev/null\nif [ $? != 0 ] ; then\n    # print error to STDERR\n    echo \"error: The sandbox is not in sync with the Podfile.lock. Run 'pod install' or update your CocoaPods installation.\" >&2\n    exit 1\nfi\n";
			showEnvVarsInLog = 0;
		};
		4F67F631C11D9FCC02371780 /* [CP] Copy Pods Resources */ = {
			isa = PBXShellScriptBuildPhase;
			buildActionMask = 2147483647;
			files = (
			);
			inputPaths = (
			);
			name = "[CP] Copy Pods Resources";
			outputPaths = (
			);
			runOnlyForDeploymentPostprocessing = 0;
			shellPath = /bin/sh;
			shellScript = "\"${SRCROOT}/Pods/Target Support Files/Pods-Example/Pods-Example-resources.sh\"\n";
			showEnvVarsInLog = 0;
		};
		8C01DDEA61A79EFCE0D54BEF /* [CP] Embed Pods Frameworks */ = {
			isa = PBXShellScriptBuildPhase;
			buildActionMask = 2147483647;
			files = (
			);
			inputPaths = (
			);
			name = "[CP] Embed Pods Frameworks";
			outputPaths = (
			);
			runOnlyForDeploymentPostprocessing = 0;
			shellPath = /bin/sh;
			shellScript = "\"${SRCROOT}/Pods/Target Support Files/Pods-Example/Pods-Example-frameworks.sh\"\n";
			showEnvVarsInLog = 0;
		};
/* End PBXShellScriptBuildPhase section */

/* Begin PBXSourcesBuildPhase section */
		10905A7A1BFE8FF9002AA119 /* Sources */ = {
			isa = PBXSourcesBuildPhase;
			buildActionMask = 2147483647;
			files = (
				10905A841BFE8FF9002AA119 /* ViewController.swift in Sources */,
				10905A821BFE8FF9002AA119 /* AppDelegate.swift in Sources */,
			);
			runOnlyForDeploymentPostprocessing = 0;
		};
/* End PBXSourcesBuildPhase section */

/* Begin PBXVariantGroup section */
		10905A851BFE8FF9002AA119 /* Main.storyboard */ = {
			isa = PBXVariantGroup;
			children = (
				10905A861BFE8FF9002AA119 /* Base */,
			);
			name = Main.storyboard;
			sourceTree = "<group>";
		};
		10905A8A1BFE8FF9002AA119 /* LaunchScreen.storyboard */ = {
			isa = PBXVariantGroup;
			children = (
				10905A8B1BFE8FF9002AA119 /* Base */,
			);
			name = LaunchScreen.storyboard;
			sourceTree = "<group>";
		};
/* End PBXVariantGroup section */

/* Begin XCBuildConfiguration section */
		10905A8E1BFE8FF9002AA119 /* Debug */ = {
			isa = XCBuildConfiguration;
			buildSettings = {
				ALWAYS_SEARCH_USER_PATHS = NO;
				CLANG_CXX_LANGUAGE_STANDARD = "gnu++0x";
				CLANG_CXX_LIBRARY = "libc++";
				CLANG_ENABLE_MODULES = YES;
				CLANG_ENABLE_OBJC_ARC = YES;
				CLANG_WARN_BOOL_CONVERSION = YES;
				CLANG_WARN_CONSTANT_CONVERSION = YES;
				CLANG_WARN_DIRECT_OBJC_ISA_USAGE = YES_ERROR;
				CLANG_WARN_EMPTY_BODY = YES;
				CLANG_WARN_ENUM_CONVERSION = YES;
				CLANG_WARN_INT_CONVERSION = YES;
				CLANG_WARN_OBJC_ROOT_CLASS = YES_ERROR;
				CLANG_WARN_UNREACHABLE_CODE = YES;
				CLANG_WARN__DUPLICATE_METHOD_MATCH = YES;
				"CODE_SIGN_IDENTITY[sdk=iphoneos*]" = "iPhone Developer";
				COPY_PHASE_STRIP = NO;
				DEBUG_INFORMATION_FORMAT = dwarf;
				ENABLE_STRICT_OBJC_MSGSEND = YES;
				ENABLE_TESTABILITY = YES;
				GCC_C_LANGUAGE_STANDARD = gnu99;
				GCC_DYNAMIC_NO_PIC = NO;
				GCC_NO_COMMON_BLOCKS = YES;
				GCC_OPTIMIZATION_LEVEL = 0;
				GCC_PREPROCESSOR_DEFINITIONS = (
					"DEBUG=1",
					"$(inherited)",
				);
				GCC_WARN_64_TO_32_BIT_CONVERSION = YES;
				GCC_WARN_ABOUT_RETURN_TYPE = YES_ERROR;
				GCC_WARN_UNDECLARED_SELECTOR = YES;
				GCC_WARN_UNINITIALIZED_AUTOS = YES_AGGRESSIVE;
				GCC_WARN_UNUSED_FUNCTION = YES;
				GCC_WARN_UNUSED_VARIABLE = YES;
				IPHONEOS_DEPLOYMENT_TARGET = 9.1;
				MTL_ENABLE_DEBUG_INFO = YES;
				ONLY_ACTIVE_ARCH = YES;
				SDKROOT = iphoneos;
				SWIFT_OPTIMIZATION_LEVEL = "-Onone";
			};
			name = Debug;
		};
		10905A8F1BFE8FF9002AA119 /* Release */ = {
			isa = XCBuildConfiguration;
			buildSettings = {
				ALWAYS_SEARCH_USER_PATHS = NO;
				CLANG_CXX_LANGUAGE_STANDARD = "gnu++0x";
				CLANG_CXX_LIBRARY = "libc++";
				CLANG_ENABLE_MODULES = YES;
				CLANG_ENABLE_OBJC_ARC = YES;
				CLANG_WARN_BOOL_CONVERSION = YES;
				CLANG_WARN_CONSTANT_CONVERSION = YES;
				CLANG_WARN_DIRECT_OBJC_ISA_USAGE = YES_ERROR;
				CLANG_WARN_EMPTY_BODY = YES;
				CLANG_WARN_ENUM_CONVERSION = YES;
				CLANG_WARN_INT_CONVERSION = YES;
				CLANG_WARN_OBJC_ROOT_CLASS = YES_ERROR;
				CLANG_WARN_UNREACHABLE_CODE = YES;
				CLANG_WARN__DUPLICATE_METHOD_MATCH = YES;
				"CODE_SIGN_IDENTITY[sdk=iphoneos*]" = "iPhone Developer";
				COPY_PHASE_STRIP = NO;
				DEBUG_INFORMATION_FORMAT = "dwarf-with-dsym";
				ENABLE_NS_ASSERTIONS = NO;
				ENABLE_STRICT_OBJC_MSGSEND = YES;
				GCC_C_LANGUAGE_STANDARD = gnu99;
				GCC_NO_COMMON_BLOCKS = YES;
				GCC_WARN_64_TO_32_BIT_CONVERSION = YES;
				GCC_WARN_ABOUT_RETURN_TYPE = YES_ERROR;
				GCC_WARN_UNDECLARED_SELECTOR = YES;
				GCC_WARN_UNINITIALIZED_AUTOS = YES_AGGRESSIVE;
				GCC_WARN_UNUSED_FUNCTION = YES;
				GCC_WARN_UNUSED_VARIABLE = YES;
				IPHONEOS_DEPLOYMENT_TARGET = 9.1;
				MTL_ENABLE_DEBUG_INFO = NO;
				SDKROOT = iphoneos;
				VALIDATE_PRODUCT = YES;
			};
			name = Release;
		};
		10905A911BFE8FF9002AA119 /* Debug */ = {
			isa = XCBuildConfiguration;
			baseConfigurationReference = 540F022C43376DAA8BC0FA94 /* Pods-Example.debug.xcconfig */;
			buildSettings = {
				ASSETCATALOG_COMPILER_APPICON_NAME = AppIcon;
				CODE_SIGN_IDENTITY = "iPhone Developer";
				DEVELOPMENT_TEAM = "";
				ENABLE_BITCODE = NO;
				FRAMEWORK_SEARCH_PATHS = (
					"$(inherited)",
					"$(PROJECT_DIR)",
				);
				INFOPLIST_FILE = Example/Info.plist;
				IPHONEOS_DEPLOYMENT_TARGET = 7.0;
				LD_RUNPATH_SEARCH_PATHS = "$(inherited) @executable_path/Frameworks";
				PRODUCT_BUNDLE_IDENTIFIER = ma.car.LiExample;
				PRODUCT_NAME = "$(TARGET_NAME)";
				SWIFT_OBJC_BRIDGING_HEADER = Example/ObjectiveCHeader.h;
				SWIFT_VERSION = 3.0;
			};
			name = Debug;
		};
		10905A921BFE8FF9002AA119 /* Release */ = {
			isa = XCBuildConfiguration;
			baseConfigurationReference = 311A91B29DA8629760094FBE /* Pods-Example.release.xcconfig */;
			buildSettings = {
				ASSETCATALOG_COMPILER_APPICON_NAME = AppIcon;
				CODE_SIGN_IDENTITY = "iPhone Developer";
				DEVELOPMENT_TEAM = "";
				ENABLE_BITCODE = NO;
				FRAMEWORK_SEARCH_PATHS = (
					"$(inherited)",
					"$(PROJECT_DIR)",
				);
				INFOPLIST_FILE = Example/Info.plist;
				IPHONEOS_DEPLOYMENT_TARGET = 7.0;
				LD_RUNPATH_SEARCH_PATHS = "$(inherited) @executable_path/Frameworks";
				PRODUCT_BUNDLE_IDENTIFIER = ma.car.LiExample;
				PRODUCT_NAME = "$(TARGET_NAME)";
				SWIFT_OBJC_BRIDGING_HEADER = Example/ObjectiveCHeader.h;
				SWIFT_VERSION = 3.0;
			};
			name = Release;
		};
/* End XCBuildConfiguration section */

/* Begin XCConfigurationList section */
		10905A791BFE8FF9002AA119 /* Build configuration list for PBXProject "Example" */ = {
			isa = XCConfigurationList;
			buildConfigurations = (
				10905A8E1BFE8FF9002AA119 /* Debug */,
				10905A8F1BFE8FF9002AA119 /* Release */,
			);
			defaultConfigurationIsVisible = 0;
			defaultConfigurationName = Release;
		};
		10905A901BFE8FF9002AA119 /* Build configuration list for PBXNativeTarget "Example" */ = {
			isa = XCConfigurationList;
			buildConfigurations = (
				10905A911BFE8FF9002AA119 /* Debug */,
				10905A921BFE8FF9002AA119 /* Release */,
			);
			defaultConfigurationIsVisible = 0;
			defaultConfigurationName = Release;
		};
/* End XCConfigurationList section */
	};
	rootObject = 10905A761BFE8FF9002AA119 /* Project object */;
}
