// !$*UTF8*$!
{
	archiveVersion = 1;
	classes = {
	};
	objectVersion = 46;
	objects = {

/* Begin PBXBuildFile section */
		10905A821BFE8FF9002AA119 /* AppDelegate.swift in Sources */ = {isa = PBXBuildFile; fileRef = 10905A811BFE8FF9002AA119 /* AppDelegate.swift */; };
		10905A841BFE8FF9002AA119 /* ViewController.swift in Sources */ = {isa = PBXBuildFile; fileRef = 10905A831BFE8FF9002AA119 /* ViewController.swift */; };
		10905A871BFE8FF9002AA119 /* Main.storyboard in Resources */ = {isa = PBXBuildFile; fileRef = 10905A851BFE8FF9002AA119 /* Main.storyboard */; };
		10905A891BFE8FF9002AA119 /* Assets.xcassets in Resources */ = {isa = PBXBuildFile; fileRef = 10905A881BFE8FF9002AA119 /* Assets.xcassets */; };
		10905A8C1BFE8FF9002AA119 /* LaunchScreen.storyboard in Resources */ = {isa = PBXBuildFile; fileRef = 10905A8A1BFE8FF9002AA119 /* LaunchScreen.storyboard */; };
		10905AA81BFEAD38002AA119 /* LinkedinSwift.framework in Frameworks */ = {isa = PBXBuildFile; fileRef = 10905AA71BFEAD38002AA119 /* LinkedinSwift.framework */; };
		10905AA91BFEAD38002AA119 /* LinkedinSwift.framework in Embed Frameworks */ = {isa = PBXBuildFile; fileRef = 10905AA71BFEAD38002AA119 /* LinkedinSwift.framework */; settings = {ATTRIBUTES = (CodeSignOnCopy, RemoveHeadersOnCopy, ); }; };
/* End PBXBuildFile section */

/* Begin PBXCopyFilesBuildPhase section */
		10905AAA1BFEAD38002AA119 /* Embed Frameworks */ = {
			isa = PBXCopyFilesBuildPhase;
			buildActionMask = 2147483647;
			dstPath = "";
			dstSubfolderSpec = 10;
			files = (
				10905AA91BFEAD38002AA119 /* LinkedinSwift.framework in Embed Frameworks */,
			);
			name = "Embed Frameworks";
			runOnlyForDeploymentPostprocessing = 0;
		};
/* End PBXCopyFilesBuildPhase section */

/* Begin PBXFileReference section */
		10905A7E1BFE8FF9002AA119 /* Example.app */ = {isa = PBXFileReference; explicitFileType = wrapper.application; includeInIndex = 0; path = Example.app; sourceTree = BUILT_PRODUCTS_DIR; };
		10905A811BFE8FF9002AA119 /* AppDelegate.swift */ = {isa = PBXFileReference; lastKnownFileType = sourcecode.swift; path = AppDelegate.swift; sourceTree = "<group>"; };
		10905A831BFE8FF9002AA119 /* ViewController.swift */ = {isa = PBXFileReference; lastKnownFileType = sourcecode.swift; path = ViewController.swift; sourceTree = "<group>"; };
		10905A861BFE8FF9002AA119 /* Base */ = {isa = PBXFileReference; lastKnownFileType = file.storyboard; name = Base; path = Base.lproj/Main.storyboard; sourceTree = "<group>"; };
		10905A881BFE8FF9002AA119 /* Assets.xcassets */ = {isa = PBXFileReference; lastKnownFileType = folder.assetcatalog; path = Assets.xcassets; sourceTree = "<group>"; };
		10905A8B1BFE8FF9002AA119 /* Base */ = {isa = PBXFileReference; lastKnownFileType = file.storyboard; name = Base; path = Base.lproj/LaunchScreen.storyboard; sourceTree = "<group>"; };
		10905A8D1BFE8FF9002AA119 /* Info.plist */ = {isa = PBXFileReference; lastKnownFileType = text.plist.xml; path = Info.plist; sourceTree = "<group>"; };
		10905A951BFE91EB002AA119 /* ObjectiveCHeader.h */ = {isa = PBXFileReference; lastKnownFileType = sourcecode.c.h; path = ObjectiveCHeader.h; sourceTree = "<group>"; };
		10905AA71BFEAD38002AA119 /* LinkedinSwift.framework */ = {isa = PBXFileReference; explicitFileType = wrapper.framework; name = LinkedinSwift.framework; path = "/Users/lijiantang/Library/Developer/Xcode/DerivedData/LinkedinSwift-fcozmjzszkmsgpgnwibifmwwebhn/Build/Products/Debug-iphoneos/LinkedinSwift.framework"; sourceTree = "<absolute>"; };
/* End PBXFileReference section */

/* Begin PBXFrameworksBuildPhase section */
		10905A7B1BFE8FF9002AA119 /* Frameworks */ = {
			isa = PBXFrameworksBuildPhase;
			buildActionMask = 2147483647;
			files = (
				10905AA81BFEAD38002AA119 /* LinkedinSwift.framework in Frameworks */,
			);
			runOnlyForDeploymentPostprocessing = 0;
		};
/* End PBXFrameworksBuildPhase section */

/* Begin PBXGroup section */
		10905A751BFE8FF9002AA119 = {
			isa = PBXGroup;
			children = (
				10905AA71BFEAD38002AA119 /* LinkedinSwift.framework */,
				10905A801BFE8FF9002AA119 /* Example */,
				10905A7F1BFE8FF9002AA119 /* Products */,
			);
			sourceTree = "<group>";
		};
		10905A7F1BFE8FF9002AA119 /* Products */ = {
			isa = PBXGroup;
			children = (
				10905A7E1BFE8FF9002AA119 /* Example.app */,
			);
			name = Products;
			sourceTree = "<group>";
		};
		10905A801BFE8FF9002AA119 /* Example */ = {
			isa = PBXGroup;
			children = (
				10905A811BFE8FF9002AA119 /* AppDelegate.swift */,
				10905A831BFE8FF9002AA119 /* ViewController.swift */,
				10905A851BFE8FF9002AA119 /* Main.storyboard */,
				10905A881BFE8FF9002AA119 /* Assets.xcassets */,
				10905A8A1BFE8FF9002AA119 /* LaunchScreen.storyboard */,
				10905A8D1BFE8FF9002AA119 /* Info.plist */,
				10905A951BFE91EB002AA119 /* ObjectiveCHeader.h */,
			);
			path = Example;
			sourceTree = "<group>";
		};
/* End PBXGroup section */

/* Begin PBXNativeTarget section */
		10905A7D1BFE8FF9002AA119 /* Example */ = {
			isa = PBXNativeTarget;
			buildConfigurationList = 10905A901BFE8FF9002AA119 /* Build configuration list for PBXNativeTarget "Example" */;
			buildPhases = (
				10905A7A1BFE8FF9002AA119 /* Sources */,
				10905A7B1BFE8FF9002AA119 /* Frameworks */,
				10905A7C1BFE8FF9002AA119 /* Resources */,
				10905AAA1BFEAD38002AA119 /* Embed Frameworks */,
			);
			buildRules = (
			);
			dependencies = (
			);
			name = Example;
			productName = Example;
			productReference = 10905A7E1BFE8FF9002AA119 /* Example.app */;
			productType = "com.apple.product-type.application";
		};
/* End PBXNativeTarget section */

/* Begin PBXProject section */
		10905A761BFE8FF9002AA119 /* Project object */ = {
			isa = PBXProject;
			attributes = {
				LastSwiftUpdateCheck = 0710;
				LastUpgradeCheck = 0710;
				ORGANIZATIONNAME = Carma;
				TargetAttributes = {
					10905A7D1BFE8FF9002AA119 = {
						CreatedOnToolsVersion = 7.1.1;
					};
				};
			};
			buildConfigurationList = 10905A791BFE8FF9002AA119 /* Build configuration list for PBXProject "Example" */;
			compatibilityVersion = "Xcode 3.2";
			developmentRegion = English;
			hasScannedForEncodings = 0;
			knownRegions = (
				en,
				Base,
			);
			mainGroup = 10905A751BFE8FF9002AA119;
			productRefGroup = 10905A7F1BFE8FF9002AA119 /* Products */;
			projectDirPath = "";
			projectRoot = "";
			targets = (
				10905A7D1BFE8FF9002AA119 /* Example */,
			);
		};
/* End PBXProject section */

/* Begin PBXResourcesBuildPhase section */
		10905A7C1BFE8FF9002AA119 /* Resources */ = {
			isa = PBXResourcesBuildPhase;
			buildActionMask = 2147483647;
			files = (
				10905A8C1BFE8FF9002AA119 /* LaunchScreen.storyboard in Resources */,
				10905A891BFE8FF9002AA119 /* Assets.xcassets in Resources */,
				10905A871BFE8FF9002AA119 /* Main.storyboard in Resources */,
			);
			runOnlyForDeploymentPostprocessing = 0;
		};
/* End PBXResourcesBuildPhase section */

/* Begin PBXSourcesBuildPhase section */
		10905A7A1BFE8FF9002AA119 /* Sources */ = {
			isa = PBXSourcesBuildPhase;
			buildActionMask = 2147483647;
			files = (
				10905A841BFE8FF9002AA119 /* ViewController.swift in Sources */,
				10905A821BFE8FF9002AA119 /* AppDelegate.swift in Sources */,
			);
			runOnlyForDeploymentPostprocessing = 0;
		};
/* End PBXSourcesBuildPhase section */

/* Begin PBXVariantGroup section */
		10905A851BFE8FF9002AA119 /* Main.storyboard */ = {
			isa = PBXVariantGroup;
			children = (
				10905A861BFE8FF9002AA119 /* Base */,
			);
			name = Main.storyboard;
			sourceTree = "<group>";
		};
		10905A8A1BFE8FF9002AA119 /* LaunchScreen.storyboard */ = {
			isa = PBXVariantGroup;
			children = (
				10905A8B1BFE8FF9002AA119 /* Base */,
			);
			name = LaunchScreen.storyboard;
			sourceTree = "<group>";
		};
/* End PBXVariantGroup section */

/* Begin XCBuildConfiguration section */
		10905A8E1BFE8FF9002AA119 /* Debug */ = {
			isa = XCBuildConfiguration;
			buildSettings = {
				ALWAYS_SEARCH_USER_PATHS = NO;
				CLANG_CXX_LANGUAGE_STANDARD = "gnu++0x";
				CLANG_CXX_LIBRARY = "libc++";
				CLANG_ENABLE_MODULES = YES;
				CLANG_ENABLE_OBJC_ARC = YES;
				CLANG_WARN_BOOL_CONVERSION = YES;
				CLANG_WARN_CONSTANT_CONVERSION = YES;
				CLANG_WARN_DIRECT_OBJC_ISA_USAGE = YES_ERROR;
				CLANG_WARN_EMPTY_BODY = YES;
				CLANG_WARN_ENUM_CONVERSION = YES;
				CLANG_WARN_INT_CONVERSION = YES;
				CLANG_WARN_OBJC_ROOT_CLASS = YES_ERROR;
				CLANG_WARN_UNREACHABLE_CODE = YES;
				CLANG_WARN__DUPLICATE_METHOD_MATCH = YES;
				"CODE_SIGN_IDENTITY[sdk=iphoneos*]" = "iPhone Developer";
				COPY_PHASE_STRIP = NO;
				DEBUG_INFORMATION_FORMAT = dwarf;
				ENABLE_STRICT_OBJC_MSGSEND = YES;
				ENABLE_TESTABILITY = YES;
				GCC_C_LANGUAGE_STANDARD = gnu99;
				GCC_DYNAMIC_NO_PIC = NO;
				GCC_NO_COMMON_BLOCKS = YES;
				GCC_OPTIMIZATION_LEVEL = 0;
				GCC_PREPROCESSOR_DEFINITIONS = (
					"DEBUG=1",
					"$(inherited)",
				);
				GCC_WARN_64_TO_32_BIT_CONVERSION = YES;
				GCC_WARN_ABOUT_RETURN_TYPE = YES_ERROR;
				GCC_WARN_UNDECLARED_SELECTOR = YES;
				GCC_WARN_UNINITIALIZED_AUTOS = YES_AGGRESSIVE;
				GCC_WARN_UNUSED_FUNCTION = YES;
				GCC_WARN_UNUSED_VARIABLE = YES;
				IPHONEOS_DEPLOYMENT_TARGET = 9.1;
				MTL_ENABLE_DEBUG_INFO = YES;
				ONLY_ACTIVE_ARCH = YES;
				SDKROOT = iphoneos;
				SWIFT_OPTIMIZATION_LEVEL = "-Onone";
			};
			name = Debug;
		};
		10905A8F1BFE8FF9002AA119 /* Release */ = {
			isa = XCBuildConfiguration;
			buildSettings = {
				ALWAYS_SEARCH_USER_PATHS = NO;
				CLANG_CXX_LANGUAGE_STANDARD = "gnu++0x";
				CLANG_CXX_LIBRARY = "libc++";
				CLANG_ENABLE_MODULES = YES;
				CLANG_ENABLE_OBJC_ARC = YES;
				CLANG_WARN_BOOL_CONVERSION = YES;
				CLANG_WARN_CONSTANT_CONVERSION = YES;
				CLANG_WARN_DIRECT_OBJC_ISA_USAGE = YES_ERROR;
				CLANG_WARN_EMPTY_BODY = YES;
				CLANG_WARN_ENUM_CONVERSION = YES;
				CLANG_WARN_INT_CONVERSION = YES;
				CLANG_WARN_OBJC_ROOT_CLASS = YES_ERROR;
				CLANG_WARN_UNREACHABLE_CODE = YES;
				CLANG_WARN__DUPLICATE_METHOD_MATCH = YES;
				"CODE_SIGN_IDENTITY[sdk=iphoneos*]" = "iPhone Developer";
				COPY_PHASE_STRIP = NO;
				DEBUG_INFORMATION_FORMAT = "dwarf-with-dsym";
				ENABLE_NS_ASSERTIONS = NO;
				ENABLE_STRICT_OBJC_MSGSEND = YES;
				GCC_C_LANGUAGE_STANDARD = gnu99;
				GCC_NO_COMMON_BLOCKS = YES;
				GCC_WARN_64_TO_32_BIT_CONVERSION = YES;
				GCC_WARN_ABOUT_RETURN_TYPE = YES_ERROR;
				GCC_WARN_UNDECLARED_SELECTOR = YES;
				GCC_WARN_UNINITIALIZED_AUTOS = YES_AGGRESSIVE;
				GCC_WARN_UNUSED_FUNCTION = YES;
				GCC_WARN_UNUSED_VARIABLE = YES;
				IPHONEOS_DEPLOYMENT_TARGET = 9.1;
				MTL_ENABLE_DEBUG_INFO = NO;
				SDKROOT = iphoneos;
				VALIDATE_PRODUCT = YES;
			};
			name = Release;
		};
		10905A911BFE8FF9002AA119 /* Debug */ = {
			isa = XCBuildConfiguration;
			buildSettings = {
				ASSETCATALOG_COMPILER_APPICON_NAME = AppIcon;
				CODE_SIGN_IDENTITY = "iPhone Developer";
				ENABLE_BITCODE = NO;
				FRAMEWORK_SEARCH_PATHS = (
					"$(inherited)",
					"$(PROJECT_DIR)",
				);
				INFOPLIST_FILE = Example/Info.plist;
				IPHONEOS_DEPLOYMENT_TARGET = 7.0;
				LD_RUNPATH_SEARCH_PATHS = "$(inherited) @executable_path/Frameworks";
				PRODUCT_BUNDLE_IDENTIFIER = ma.car.LiExample;
				PRODUCT_NAME = "$(TARGET_NAME)";
				SWIFT_OBJC_BRIDGING_HEADER = Example/ObjectiveCHeader.h;
			};
			name = Debug;
		};
		10905A921BFE8FF9002AA119 /* Release */ = {
			isa = XCBuildConfiguration;
			buildSettings = {
				ASSETCATALOG_COMPILER_APPICON_NAME = AppIcon;
				CODE_SIGN_IDENTITY = "iPhone Developer";
				ENABLE_BITCODE = NO;
				FRAMEWORK_SEARCH_PATHS = (
					"$(inherited)",
					"$(PROJECT_DIR)",
				);
				INFOPLIST_FILE = Example/Info.plist;
				IPHONEOS_DEPLOYMENT_TARGET = 7.0;
				LD_RUNPATH_SEARCH_PATHS = "$(inherited) @executable_path/Frameworks";
				PRODUCT_BUNDLE_IDENTIFIER = ma.car.LiExample;
				PRODUCT_NAME = "$(TARGET_NAME)";
				SWIFT_OBJC_BRIDGING_HEADER = Example/ObjectiveCHeader.h;
			};
			name = Release;
		};
/* End XCBuildConfiguration section */

/* Begin XCConfigurationList section */
		10905A791BFE8FF9002AA119 /* Build configuration list for PBXProject "Example" */ = {
			isa = XCConfigurationList;
			buildConfigurations = (
				10905A8E1BFE8FF9002AA119 /* Debug */,
				10905A8F1BFE8FF9002AA119 /* Release */,
			);
			defaultConfigurationIsVisible = 0;
			defaultConfigurationName = Release;
		};
		10905A901BFE8FF9002AA119 /* Build configuration list for PBXNativeTarget "Example" */ = {
			isa = XCConfigurationList;
			buildConfigurations = (
				10905A911BFE8FF9002AA119 /* Debug */,
				10905A921BFE8FF9002AA119 /* Release */,
			);
			defaultConfigurationIsVisible = 0;
		};
/* End XCConfigurationList section */
	};
	rootObject = 10905A761BFE8FF9002AA119 /* Project object */;
}
